#MicroXplorer Configuration settings - do not modify
Bdma.I2C4_RX.0.Direction=DMA_PERIPH_TO_MEMORY
Bdma.I2C4_RX.0.EventEnable=DISABLE
Bdma.I2C4_RX.0.Instance=BDMA_Channel0
Bdma.I2C4_RX.0.MemDataAlignment=DMA_MDATAALIGN_BYTE
Bdma.I2C4_RX.0.MemInc=DMA_MINC_ENABLE
Bdma.I2C4_RX.0.Mode=DMA_CIRCULAR
Bdma.I2C4_RX.0.PeriphDataAlignment=DMA_PDATAALIGN_BYTE
Bdma.I2C4_RX.0.PeriphInc=DMA_PINC_DISABLE
Bdma.I2C4_RX.0.Polarity=HAL_DMAMUX_REQ_GEN_RISING
Bdma.I2C4_RX.0.Priority=DMA_PRIORITY_LOW
Bdma.I2C4_RX.0.RequestNumber=1
Bdma.I2C4_RX.0.RequestParameters=Instance,Direction,PeriphInc,MemInc,PeriphDataAlignment,MemDataAlignment,Mode,Priority,SignalID,Polarity,RequestNumber,SyncSignalID,SyncPolarity,SyncEnable,EventEnable,SyncRequestNumber
Bdma.I2C4_RX.0.SignalID=NONE
Bdma.I2C4_RX.0.SyncEnable=DISABLE
Bdma.I2C4_RX.0.SyncPolarity=HAL_DMAMUX_SYNC_NO_EVENT
Bdma.I2C4_RX.0.SyncRequestNumber=1
Bdma.I2C4_RX.0.SyncSignalID=NONE
Bdma.Request0=I2C4_RX
Bdma.RequestsNb=1
CAD.formats=[]
CAD.pinconfig=Dual
CAD.provider=
CORTEX_M7.CPU_ICache=Enabled
CORTEX_M7.Enable_S-Cortex_Memory_Protection_Unit_Region1_Settings_S=__NULL
CORTEX_M7.IPParameters=default_mode_Activation,CPU_ICache,Enable_S-Cortex_Memory_Protection_Unit_Region1_Settings_S
CORTEX_M7.default_mode_Activation=1
CortexM4.IPs=BDMA,CORTEX_M4\:I,DMA,FATFS_M4\:I,FREERTOS_M4\:I,GPIO,IWDG2\:I,MDMA,NVIC2\:I,OPENAMP_M4\:I,PDM2PCM_M4\:I,PWR,RCC,RESMGR_UTILITY,SYS_M4\:I,USB_DEVICE_M4\:I,USB_HOST_M4\:I,VREFBUF,WWDG2\:I,DEBUG\:I,USB_OTG_FS\:I,UART7\:I,I2C4\:I,LPTIM5\:I,LPTIM4\:I,LPTIM3\:I,USART2\:I,I2C3\:I,SPI2\:I
CortexM4.Pins=PA4,PA5,PB1,PE10,PC7,PB6
CortexM7.IPs=BDMA\:I,CORTEX_M7\:I,DMA\:I,FATFS_M7\:I,FREERTOS_M7\:I,GPIO\:I,IWDG1\:I,MDMA\:I,NVIC1\:I,OPENAMP_M7\:I,PDM2PCM_M7\:I,PWR\:I,RCC\:I,RESMGR_UTILITY\:I,SYS\:I,USB_DEVICE_M7\:I,USB_HOST_M7\:I,VREFBUF\:I,WWDG1\:I,DEBUG,MEMORYMAP\:I,STMicroelectronics.X-CUBE-ALGOBUILD.1.4.0_M7\:I,SAI2\:I,I2C2\:I
CortexM7.Pins=PE9
Dma.I2C3_RX.5.Direction=DMA_PERIPH_TO_MEMORY
Dma.I2C3_RX.5.EventEnable=DISABLE
Dma.I2C3_RX.5.FIFOMode=DMA_FIFOMODE_DISABLE
Dma.I2C3_RX.5.Instance=DMA2_Stream0
Dma.I2C3_RX.5.MemDataAlignment=DMA_MDATAALIGN_BYTE
Dma.I2C3_RX.5.MemInc=DMA_MINC_ENABLE
Dma.I2C3_RX.5.Mode=DMA_NORMAL
Dma.I2C3_RX.5.PeriphDataAlignment=DMA_PDATAALIGN_BYTE
Dma.I2C3_RX.5.PeriphInc=DMA_PINC_DISABLE
Dma.I2C3_RX.5.Polarity=HAL_DMAMUX_REQ_GEN_RISING
Dma.I2C3_RX.5.Priority=DMA_PRIORITY_LOW
Dma.I2C3_RX.5.RequestNumber=1
Dma.I2C3_RX.5.RequestParameters=Instance,Direction,PeriphInc,MemInc,PeriphDataAlignment,MemDataAlignment,Mode,Priority,FIFOMode,SignalID,Polarity,RequestNumber,SyncSignalID,SyncPolarity,SyncEnable,EventEnable,SyncRequestNumber
Dma.I2C3_RX.5.SignalID=NONE
Dma.I2C3_RX.5.SyncEnable=DISABLE
Dma.I2C3_RX.5.SyncPolarity=HAL_DMAMUX_SYNC_NO_EVENT
Dma.I2C3_RX.5.SyncRequestNumber=1
Dma.I2C3_RX.5.SyncSignalID=NONE
Dma.Request0=SAI2_B
Dma.Request1=UART7_RX
Dma.Request2=USART2_RX
Dma.Request3=USART2_TX
Dma.Request4=SPI2_TX
Dma.Request5=I2C3_RX
Dma.RequestsNb=6
Dma.SAI2_B.0.Direction=DMA_PERIPH_TO_MEMORY
Dma.SAI2_B.0.EventEnable=DISABLE
Dma.SAI2_B.0.FIFOMode=DMA_FIFOMODE_ENABLE
Dma.SAI2_B.0.FIFOThreshold=DMA_FIFO_THRESHOLD_FULL
Dma.SAI2_B.0.Instance=DMA1_Stream0
Dma.SAI2_B.0.MemBurst=DMA_MBURST_INC8
Dma.SAI2_B.0.MemDataAlignment=DMA_MDATAALIGN_HALFWORD
Dma.SAI2_B.0.MemInc=DMA_MINC_ENABLE
Dma.SAI2_B.0.Mode=DMA_CIRCULAR
Dma.SAI2_B.0.PeriphBurst=DMA_PBURST_INC8
Dma.SAI2_B.0.PeriphDataAlignment=DMA_PDATAALIGN_HALFWORD
Dma.SAI2_B.0.PeriphInc=DMA_PINC_DISABLE
Dma.SAI2_B.0.Polarity=HAL_DMAMUX_REQ_GEN_RISING
Dma.SAI2_B.0.Priority=DMA_PRIORITY_VERY_HIGH
Dma.SAI2_B.0.RequestNumber=1
Dma.SAI2_B.0.RequestParameters=Instance,Direction,PeriphInc,MemInc,PeriphDataAlignment,MemDataAlignment,Mode,Priority,FIFOMode,FIFOThreshold,MemBurst,PeriphBurst,SignalID,Polarity,RequestNumber,SyncSignalID,SyncPolarity,SyncEnable,EventEnable,SyncRequestNumber
Dma.SAI2_B.0.SignalID=NONE
Dma.SAI2_B.0.SyncEnable=DISABLE
Dma.SAI2_B.0.SyncPolarity=HAL_DMAMUX_SYNC_NO_EVENT
Dma.SAI2_B.0.SyncRequestNumber=1
Dma.SAI2_B.0.SyncSignalID=NONE
Dma.SPI2_TX.4.Direction=DMA_MEMORY_TO_PERIPH
Dma.SPI2_TX.4.EventEnable=DISABLE
Dma.SPI2_TX.4.FIFOMode=DMA_FIFOMODE_ENABLE
Dma.SPI2_TX.4.FIFOThreshold=DMA_FIFO_THRESHOLD_FULL
Dma.SPI2_TX.4.Instance=DMA2_Stream2
Dma.SPI2_TX.4.MemBurst=DMA_MBURST_SINGLE
Dma.SPI2_TX.4.MemDataAlignment=DMA_MDATAALIGN_WORD
Dma.SPI2_TX.4.MemInc=DMA_MINC_ENABLE
Dma.SPI2_TX.4.Mode=DMA_NORMAL
Dma.SPI2_TX.4.PeriphBurst=DMA_PBURST_SINGLE
Dma.SPI2_TX.4.PeriphDataAlignment=DMA_PDATAALIGN_WORD
Dma.SPI2_TX.4.PeriphInc=DMA_PINC_DISABLE
Dma.SPI2_TX.4.Polarity=HAL_DMAMUX_REQ_GEN_RISING
Dma.SPI2_TX.4.Priority=DMA_PRIORITY_HIGH
Dma.SPI2_TX.4.RequestNumber=1
Dma.SPI2_TX.4.RequestParameters=Instance,Direction,PeriphInc,MemInc,PeriphDataAlignment,MemDataAlignment,Mode,Priority,FIFOMode,FIFOThreshold,MemBurst,PeriphBurst,SignalID,Polarity,RequestNumber,SyncSignalID,SyncPolarity,SyncEnable,EventEnable,SyncRequestNumber
Dma.SPI2_TX.4.SignalID=NONE
Dma.SPI2_TX.4.SyncEnable=DISABLE
Dma.SPI2_TX.4.SyncPolarity=HAL_DMAMUX_SYNC_NO_EVENT
Dma.SPI2_TX.4.SyncRequestNumber=1
Dma.SPI2_TX.4.SyncSignalID=NONE
Dma.UART7_RX.1.Direction=DMA_PERIPH_TO_MEMORY
Dma.UART7_RX.1.EventEnable=DISABLE
Dma.UART7_RX.1.FIFOMode=DMA_FIFOMODE_DISABLE
Dma.UART7_RX.1.Instance=DMA1_Stream2
Dma.UART7_RX.1.MemDataAlignment=DMA_MDATAALIGN_BYTE
Dma.UART7_RX.1.MemInc=DMA_MINC_ENABLE
Dma.UART7_RX.1.Mode=DMA_CIRCULAR
Dma.UART7_RX.1.PeriphDataAlignment=DMA_PDATAALIGN_BYTE
Dma.UART7_RX.1.PeriphInc=DMA_PINC_DISABLE
Dma.UART7_RX.1.Polarity=HAL_DMAMUX_REQ_GEN_RISING
Dma.UART7_RX.1.Priority=DMA_PRIORITY_LOW
Dma.UART7_RX.1.RequestNumber=1
Dma.UART7_RX.1.RequestParameters=Instance,Direction,PeriphInc,MemInc,PeriphDataAlignment,MemDataAlignment,Mode,Priority,FIFOMode,SignalID,Polarity,RequestNumber,SyncSignalID,SyncPolarity,SyncEnable,EventEnable,SyncRequestNumber
Dma.UART7_RX.1.SignalID=NONE
Dma.UART7_RX.1.SyncEnable=DISABLE
Dma.UART7_RX.1.SyncPolarity=HAL_DMAMUX_SYNC_NO_EVENT
Dma.UART7_RX.1.SyncRequestNumber=1
Dma.UART7_RX.1.SyncSignalID=NONE
Dma.USART2_RX.2.Direction=DMA_PERIPH_TO_MEMORY
Dma.USART2_RX.2.EventEnable=DISABLE
Dma.USART2_RX.2.FIFOMode=DMA_FIFOMODE_DISABLE
Dma.USART2_RX.2.Instance=DMA2_Stream1
Dma.USART2_RX.2.MemDataAlignment=DMA_MDATAALIGN_BYTE
Dma.USART2_RX.2.MemInc=DMA_MINC_ENABLE
Dma.USART2_RX.2.Mode=DMA_CIRCULAR
Dma.USART2_RX.2.PeriphDataAlignment=DMA_PDATAALIGN_BYTE
Dma.USART2_RX.2.PeriphInc=DMA_PINC_DISABLE
Dma.USART2_RX.2.Polarity=HAL_DMAMUX_REQ_GEN_RISING
Dma.USART2_RX.2.Priority=DMA_PRIORITY_MEDIUM
Dma.USART2_RX.2.RequestNumber=1
Dma.USART2_RX.2.RequestParameters=Instance,Direction,PeriphInc,MemInc,PeriphDataAlignment,MemDataAlignment,Mode,Priority,FIFOMode,SignalID,Polarity,RequestNumber,SyncSignalID,SyncPolarity,SyncEnable,EventEnable,SyncRequestNumber
Dma.USART2_RX.2.SignalID=NONE
Dma.USART2_RX.2.SyncEnable=DISABLE
Dma.USART2_RX.2.SyncPolarity=HAL_DMAMUX_SYNC_NO_EVENT
Dma.USART2_RX.2.SyncRequestNumber=1
Dma.USART2_RX.2.SyncSignalID=NONE
Dma.USART2_TX.3.Direction=DMA_MEMORY_TO_PERIPH
Dma.USART2_TX.3.EventEnable=DISABLE
Dma.USART2_TX.3.FIFOMode=DMA_FIFOMODE_DISABLE
Dma.USART2_TX.3.Instance=DMA2_Stream3
Dma.USART2_TX.3.MemDataAlignment=DMA_MDATAALIGN_BYTE
Dma.USART2_TX.3.MemInc=DMA_MINC_ENABLE
Dma.USART2_TX.3.Mode=DMA_NORMAL
Dma.USART2_TX.3.PeriphDataAlignment=DMA_PDATAALIGN_BYTE
Dma.USART2_TX.3.PeriphInc=DMA_PINC_DISABLE
Dma.USART2_TX.3.Polarity=HAL_DMAMUX_REQ_GEN_RISING
Dma.USART2_TX.3.Priority=DMA_PRIORITY_MEDIUM
Dma.USART2_TX.3.RequestNumber=1
Dma.USART2_TX.3.RequestParameters=Instance,Direction,PeriphInc,MemInc,PeriphDataAlignment,MemDataAlignment,Mode,Priority,FIFOMode,SignalID,Polarity,RequestNumber,SyncSignalID,SyncPolarity,SyncEnable,EventEnable,SyncRequestNumber
Dma.USART2_TX.3.SignalID=NONE
Dma.USART2_TX.3.SyncEnable=DISABLE
Dma.USART2_TX.3.SyncPolarity=HAL_DMAMUX_SYNC_NO_EVENT
Dma.USART2_TX.3.SyncRequestNumber=1
Dma.USART2_TX.3.SyncSignalID=NONE
File.Version=6
GPIO.groupedBy=Group By Peripherals
I2C2.I2C_Fall_Time=100
I2C2.I2C_Rise_Time=100
I2C2.I2C_Speed_Mode=I2C_Fast
I2C2.IPParameters=Timing,I2C_Speed_Mode,I2C_Rise_Time,I2C_Fall_Time,OwnAddress
I2C2.OwnAddress=78
I2C2.Timing=0x10911A50
I2C3.I2C_Fall_Time=40
I2C3.I2C_Rise_Time=40
I2C3.I2C_Speed_Mode=I2C_Fast_Plus
I2C3.IPParameters=Timing,OwnAddress,I2C_Speed_Mode,I2C_Rise_Time,I2C_Fall_Time
I2C3.OwnAddress=72
I2C3.Timing=0x0080123A
I2C4.Analog_Filter=I2C_ANALOGFILTER_ENABLE
I2C4.CustomTiming=Disabled
I2C4.I2C_Fall_Time=100
I2C4.I2C_Rise_Time=100
I2C4.I2C_Speed_Mode=I2C_Fast
I2C4.IPParameters=Timing,I2C_Speed_Mode,I2C_Rise_Time,I2C_Fall_Time,Analog_Filter,OwnAddress,CustomTiming
I2C4.OwnAddress=104
I2C4.Timing=0x10911A50
KeepUserPlacement=false
LPTIM3.ClockPrescaler=LPTIM_PRESCALER_DIV128
LPTIM3.IPParameters=ClockPrescaler
LPTIM4.ClockPrescaler=LPTIM_PRESCALER_DIV64
LPTIM4.IPParameters=ClockPrescaler
LPTIM5.ClockPrescaler=LPTIM_PRESCALER_DIV128
LPTIM5.IPParameters=ClockPrescaler
MMTAppReg1.MEMORYMAP.AppRegionName=RAM
MMTAppReg1.MEMORYMAP.ContextName=CortexM7
MMTAppReg1.MEMORYMAP.CoreName=ARM Cortex-M7
MMTAppReg1.MEMORYMAP.DefaultDataRegion=true
MMTAppReg1.MEMORYMAP.IPParameters=StartAddress,Size,CoreName,DefaultDataRegion,ContextName,Name
MMTAppReg1.MEMORYMAP.Name=RAM
MMTAppReg1.MEMORYMAP.Size=131072
MMTAppReg1.MEMORYMAP.StartAddress=0x20000000
MMTAppReg10.MEMORYMAP.AppRegionName=M4 non Shared Region
MMTAppReg10.MEMORYMAP.ContextLink=reserved
MMTAppReg10.MEMORYMAP.ContextName=CortexM7
MMTAppReg10.MEMORYMAP.CoreName=ARM Cortex-M7
MMTAppReg10.MEMORYMAP.IPParameters=StartAddress,Size,CoreName,MemType,ContextName,Name,ReservedRegion,ContextLink
MMTAppReg10.MEMORYMAP.MemType=ROM
MMTAppReg10.MEMORYMAP.Name=M4 non Shared Region
MMTAppReg10.MEMORYMAP.ReservedRegion=true
MMTAppReg10.MEMORYMAP.Size=524288
MMTAppReg10.MEMORYMAP.StartAddress=0x08100000
MMTAppReg2.MEMORYMAP.AppRegionName=ITCMRAM
MMTAppReg2.MEMORYMAP.Cacheability=WTRA
MMTAppReg2.MEMORYMAP.ContextName=CortexM7
MMTAppReg2.MEMORYMAP.CoreName=ARM Cortex-M7
MMTAppReg2.MEMORYMAP.IPParameters=StartAddress,Size,CoreName,ContextName,Name,Cacheability
MMTAppReg2.MEMORYMAP.Name=ITCMRAM
MMTAppReg2.MEMORYMAP.Size=65536
MMTAppReg2.MEMORYMAP.StartAddress=0x00000000
MMTAppReg3.MEMORYMAP.AppRegionName=RAM_D1
MMTAppReg3.MEMORYMAP.ContextLink=shared
MMTAppReg3.MEMORYMAP.ContextName=CortexM7
MMTAppReg3.MEMORYMAP.CoreName=ARM Cortex-M7
MMTAppReg3.MEMORYMAP.IPParameters=StartAddress,Size,CoreName,ContextName,Name,ContextLink
MMTAppReg3.MEMORYMAP.Name=RAM_D1
MMTAppReg3.MEMORYMAP.Size=524288
MMTAppReg3.MEMORYMAP.StartAddress=0x24000000
MMTAppReg4.MEMORYMAP.AppRegionName=M7 non Shared Region
MMTAppReg4.MEMORYMAP.ContextLink=reserved
MMTAppReg4.MEMORYMAP.ContextName=CortexM4
MMTAppReg4.MEMORYMAP.CoreName=ARM Cortex-M4
MMTAppReg4.MEMORYMAP.IPParameters=StartAddress,Size,CoreName,ContextName,Name,ReservedRegion,ContextLink
MMTAppReg4.MEMORYMAP.Name=M7 non Shared Region
MMTAppReg4.MEMORYMAP.ReservedRegion=true
MMTAppReg4.MEMORYMAP.Size=524288
MMTAppReg4.MEMORYMAP.StartAddress=0x24000000
MMTAppReg5.MEMORYMAP.AP=RO_priv_only
MMTAppReg5.MEMORYMAP.AppRegionName=FLASH
MMTAppReg5.MEMORYMAP.Cacheability=WTRA
MMTAppReg5.MEMORYMAP.ContextLink=shared
MMTAppReg5.MEMORYMAP.ContextName=CortexM7
MMTAppReg5.MEMORYMAP.CoreName=ARM Cortex-M7
MMTAppReg5.MEMORYMAP.DefaultCodeRegion=true
MMTAppReg5.MEMORYMAP.IPParameters=StartAddress,Size,CoreName,MemType,ContextName,Name,AP,Cacheability,DefaultCodeRegion,ISRRegion,RootBootRegion,ContextLink
MMTAppReg5.MEMORYMAP.ISRRegion=true
MMTAppReg5.MEMORYMAP.MemType=ROM
MMTAppReg5.MEMORYMAP.Name=FLASH
MMTAppReg5.MEMORYMAP.RootBootRegion=true
MMTAppReg5.MEMORYMAP.Size=524288
MMTAppReg5.MEMORYMAP.StartAddress=0x08000000
MMTAppReg6.MEMORYMAP.AppRegionName=M7 non Shared Region
MMTAppReg6.MEMORYMAP.ContextLink=reserved
MMTAppReg6.MEMORYMAP.ContextName=CortexM4
MMTAppReg6.MEMORYMAP.CoreName=ARM Cortex-M4
MMTAppReg6.MEMORYMAP.IPParameters=StartAddress,Size,CoreName,MemType,ContextName,Name,ReservedRegion,ContextLink
MMTAppReg6.MEMORYMAP.MemType=ROM
MMTAppReg6.MEMORYMAP.Name=M7 non Shared Region
MMTAppReg6.MEMORYMAP.ReservedRegion=true
MMTAppReg6.MEMORYMAP.Size=524288
MMTAppReg6.MEMORYMAP.StartAddress=0x08000000
MMTAppReg7.MEMORYMAP.AppRegionName=RAM
MMTAppReg7.MEMORYMAP.ContextLink=shared
MMTAppReg7.MEMORYMAP.ContextName=CortexM4
MMTAppReg7.MEMORYMAP.CoreName=ARM Cortex-M4
MMTAppReg7.MEMORYMAP.DefaultDataRegion=true
MMTAppReg7.MEMORYMAP.IPParameters=StartAddress,Size,CoreName,ContextName,Name,DefaultDataRegion,ContextLink
MMTAppReg7.MEMORYMAP.Name=RAM
MMTAppReg7.MEMORYMAP.Size=294912
MMTAppReg7.MEMORYMAP.StartAddress=0x10000000
MMTAppReg8.MEMORYMAP.AppRegionName=M4 non Shared Region
MMTAppReg8.MEMORYMAP.ContextLink=reserved
MMTAppReg8.MEMORYMAP.ContextName=CortexM7
MMTAppReg8.MEMORYMAP.CoreName=ARM Cortex-M7
MMTAppReg8.MEMORYMAP.IPParameters=StartAddress,Size,CoreName,ContextName,Name,ReservedRegion,ContextLink
MMTAppReg8.MEMORYMAP.Name=M4 non Shared Region
MMTAppReg8.MEMORYMAP.ReservedRegion=true
MMTAppReg8.MEMORYMAP.Size=294912
MMTAppReg8.MEMORYMAP.StartAddress=0x10000000
MMTAppReg9.MEMORYMAP.AP=RO_priv_only
MMTAppReg9.MEMORYMAP.AppRegionName=FLASH
MMTAppReg9.MEMORYMAP.ContextLink=shared
MMTAppReg9.MEMORYMAP.ContextName=CortexM4
MMTAppReg9.MEMORYMAP.CoreName=ARM Cortex-M4
MMTAppReg9.MEMORYMAP.DefaultCodeRegion=true
MMTAppReg9.MEMORYMAP.IPParameters=StartAddress,Size,CoreName,MemType,ContextName,Name,AP,DefaultCodeRegion,ISRRegion,RootBootRegion,ContextLink
MMTAppReg9.MEMORYMAP.ISRRegion=true
MMTAppReg9.MEMORYMAP.MemType=ROM
MMTAppReg9.MEMORYMAP.Name=FLASH
MMTAppReg9.MEMORYMAP.RootBootRegion=true
MMTAppReg9.MEMORYMAP.Size=524288
MMTAppReg9.MEMORYMAP.StartAddress=0x08100000
MMTAppRegionsCount=10
MMTConfigApplied=false
Mcu.CPN=STM32H745ZIT6
Mcu.Context0=CortexM7
Mcu.Context1=CortexM4
Mcu.ContextNb=2
Mcu.Family=STM32H7
Mcu.IP0=BDMA
Mcu.IP1=CORTEX_M4
Mcu.IP10=LPTIM5
Mcu.IP11=MDMA
Mcu.IP12=MEMORYMAP
Mcu.IP13=NVIC1
Mcu.IP14=NVIC2
Mcu.IP15=RCC
Mcu.IP16=SAI2
Mcu.IP17=SPI2
Mcu.IP18=SYS_M4
Mcu.IP19=SYS
Mcu.IP2=CORTEX_M7
Mcu.IP20=UART7
Mcu.IP21=USART2
Mcu.IP22=USB_DEVICE_M4
Mcu.IP23=USB_OTG_FS
Mcu.IP3=DEBUG
Mcu.IP4=DMA
Mcu.IP5=I2C2
Mcu.IP6=I2C3
Mcu.IP7=I2C4
Mcu.IP8=LPTIM3
Mcu.IP9=LPTIM4
Mcu.IPNb=24
Mcu.Name=STM32H745ZITx
Mcu.Package=LQFP144
Mcu.Pin0=PC14-OSC32_IN (OSC32_IN)
Mcu.Pin1=PC15-OSC32_OUT (OSC32_OUT)
Mcu.Pin10=PE7
Mcu.Pin11=PE8
Mcu.Pin12=PE9
Mcu.Pin13=PE10
Mcu.Pin14=PE11
Mcu.Pin15=PE12
Mcu.Pin16=PE13
Mcu.Pin17=PB10
Mcu.Pin18=PB11
Mcu.Pin19=PB12
Mcu.Pin2=PH0-OSC_IN (PH0)
Mcu.Pin20=PB13
Mcu.Pin21=PB14
Mcu.Pin22=PB15
Mcu.Pin23=PC7
Mcu.Pin24=PC9
Mcu.Pin25=PA8
Mcu.Pin26=PA11
Mcu.Pin27=PA12
Mcu.Pin28=PA13 (JTMS/SWDIO)
Mcu.Pin29=PA14 (JTCK/SWCLK)
Mcu.Pin3=PA0
Mcu.Pin30=PB3 (JTDO/TRACESWO)
Mcu.Pin31=PB6
Mcu.Pin32=PB7
Mcu.Pin33=PB8
Mcu.Pin34=VP_LPTIM3_VS_LPTIM_counterModeInternalClock
Mcu.Pin35=VP_LPTIM4_VS_LPTIM_counterModeInternalClock
Mcu.Pin36=VP_LPTIM5_VS_LPTIM_counterModeInternalClock
Mcu.Pin37=VP_SYS_VS_Systick
Mcu.Pin38=VP_SYS_M4_VS_Systick
Mcu.Pin39=VP_USB_DEVICE_M4_VS_USB_DEVICE_CDC_FS
Mcu.Pin4=PA1
Mcu.Pin40=VP_MEMORYMAP_VS_MEMORYMAP
Mcu.Pin41=VP_STMicroelectronics.X-CUBE-ALGOBUILD_M7_VS_DSPOoLibraryJjLibrary_1.4.0_1.4.0
Mcu.Pin5=PA2
Mcu.Pin6=PA3
Mcu.Pin7=PA4
Mcu.Pin8=PA5
Mcu.Pin9=PB1
Mcu.PinsNb=42
Mcu.ThirdParty0=STMicroelectronics.X-CUBE-ALGOBUILD.1.4.0
Mcu.ThirdParty0_ContextShortName=M7
Mcu.ThirdParty0_Instance=STMicroelectronics.X-CUBE-ALGOBUILD.1.4.0_M7
Mcu.ThirdPartyNb=1
Mcu.UserConstants=
Mcu.UserName=STM32H745ZITx
Mdma.MDMA_Channel0.DMA1_Stream0_TC.0.BlockCount=AUDIO_NUM_CHANNELS
Mdma.MDMA_Channel0.DMA1_Stream0_TC.0.BlockDataLength=sizeof(int16_t) * AUDIO_BUFFER_SAMPLES / AUDIO_NUM_CHANNELS
Mdma.MDMA_Channel0.DMA1_Stream0_TC.0.BufferTransferLength=128
Mdma.MDMA_Channel0.DMA1_Stream0_TC.0.CircularMode=MDMA_CIRCULAR_LIST_LOOPING_ON_FIRST_ELEMENT
Mdma.MDMA_Channel0.DMA1_Stream0_TC.0.DataAlignment=MDMA_DATAALIGN_PACKENABLE
Mdma.MDMA_Channel0.DMA1_Stream0_TC.0.DestBlockAddressOffset=0
Mdma.MDMA_Channel0.DMA1_Stream0_TC.0.DestBurst=MDMA_DEST_BURST_64BEATS
Mdma.MDMA_Channel0.DMA1_Stream0_TC.0.DestDataSize=MDMA_DEST_DATASIZE_HALFWORD
Mdma.MDMA_Channel0.DMA1_Stream0_TC.0.DestinationInc=MDMA_DEST_INC_HALFWORD
Mdma.MDMA_Channel0.DMA1_Stream0_TC.0.DstAddress=0
Mdma.MDMA_Channel0.DMA1_Stream0_TC.0.Endianness=MDMA_LITTLE_ENDIANNESS_PRESERVE
Mdma.MDMA_Channel0.DMA1_Stream0_TC.0.Instance=MDMA_Channel0
Mdma.MDMA_Channel0.DMA1_Stream0_TC.0.MaskAddress=0
Mdma.MDMA_Channel0.DMA1_Stream0_TC.0.MaskData=0
Mdma.MDMA_Channel0.DMA1_Stream0_TC.0.Priority=MDMA_PRIORITY_HIGH
Mdma.MDMA_Channel0.DMA1_Stream0_TC.0.Rank=First
Mdma.MDMA_Channel0.DMA1_Stream0_TC.0.RequestParameters=Instance,CircularMode,TransferTriggerMode,Priority,Endianness,SourceInc,DestinationInc,SourceDataSize,DestDataSize,DataAlignment,BufferTransferLength,SourceBurst,DestBurst,SourceBlockAddressOffset,DestBlockAddressOffset,MaskAddress,MaskData,SrcAddress,DstAddress,BlockDataLength,BlockCount,Rank
Mdma.MDMA_Channel0.DMA1_Stream0_TC.0.SourceBlockAddressOffset=sizeof(int16_t) * (1 - AUDIO_BUFFER_SAMPLES)
Mdma.MDMA_Channel0.DMA1_Stream0_TC.0.SourceBurst=MDMA_SOURCE_BURST_64BEATS
Mdma.MDMA_Channel0.DMA1_Stream0_TC.0.SourceDataSize=MDMA_SRC_DATASIZE_HALFWORD
Mdma.MDMA_Channel0.DMA1_Stream0_TC.0.SourceInc=MDMA_SRC_INC_DOUBLEWORD
Mdma.MDMA_Channel0.DMA1_Stream0_TC.0.SrcAddress=0
Mdma.MDMA_Channel0.DMA1_Stream0_TC.0.TransferTriggerMode=MDMA_REPEAT_BLOCK_TRANSFER
Mdma.MDMA_Channel0.DMA1_Stream0_TC.1.BlockCount=AUDIO_NUM_CHANNELS
Mdma.MDMA_Channel0.DMA1_Stream0_TC.1.BlockDataLength=sizeof(int16_t) * AUDIO_BUFFER_SAMPLES / AUDIO_NUM_CHANNELS
Mdma.MDMA_Channel0.DMA1_Stream0_TC.1.BufferTransferLength=128
Mdma.MDMA_Channel0.DMA1_Stream0_TC.1.CircularMode=MDMA_CIRCULAR_LIST_LOOPING_ON_FIRST_ELEMENT
Mdma.MDMA_Channel0.DMA1_Stream0_TC.1.DataAlignment=MDMA_DATAALIGN_PACKENABLE
Mdma.MDMA_Channel0.DMA1_Stream0_TC.1.DestBlockAddressOffset=0
Mdma.MDMA_Channel0.DMA1_Stream0_TC.1.DestBurst=MDMA_DEST_BURST_64BEATS
Mdma.MDMA_Channel0.DMA1_Stream0_TC.1.DestDataSize=MDMA_DEST_DATASIZE_HALFWORD
Mdma.MDMA_Channel0.DMA1_Stream0_TC.1.DestinationInc=MDMA_DEST_INC_HALFWORD
Mdma.MDMA_Channel0.DMA1_Stream0_TC.1.DstAddress=0
Mdma.MDMA_Channel0.DMA1_Stream0_TC.1.Endianness=MDMA_LITTLE_ENDIANNESS_PRESERVE
Mdma.MDMA_Channel0.DMA1_Stream0_TC.1.Instance=MDMA_Channel0
Mdma.MDMA_Channel0.DMA1_Stream0_TC.1.MaskAddress=0
Mdma.MDMA_Channel0.DMA1_Stream0_TC.1.MaskData=0
Mdma.MDMA_Channel0.DMA1_Stream0_TC.1.Priority=MDMA_PRIORITY_HIGH
Mdma.MDMA_Channel0.DMA1_Stream0_TC.1.Rank=Intermediate
Mdma.MDMA_Channel0.DMA1_Stream0_TC.1.RequestParameters=Instance,CircularMode,TransferTriggerMode,Priority,Endianness,SourceInc,DestinationInc,SourceDataSize,DestDataSize,DataAlignment,BufferTransferLength,SourceBurst,DestBurst,SourceBlockAddressOffset,DestBlockAddressOffset,MaskAddress,MaskData,SrcAddress,DstAddress,BlockDataLength,BlockCount,Rank,node,pNewNode
Mdma.MDMA_Channel0.DMA1_Stream0_TC.1.SourceBlockAddressOffset=sizeof(int16_t) * (1 - AUDIO_BUFFER_SAMPLES)
Mdma.MDMA_Channel0.DMA1_Stream0_TC.1.SourceBurst=MDMA_SOURCE_BURST_64BEATS
Mdma.MDMA_Channel0.DMA1_Stream0_TC.1.SourceDataSize=MDMA_SRC_DATASIZE_HALFWORD
Mdma.MDMA_Channel0.DMA1_Stream0_TC.1.SourceInc=MDMA_SRC_INC_DOUBLEWORD
Mdma.MDMA_Channel0.DMA1_Stream0_TC.1.SrcAddress=0
Mdma.MDMA_Channel0.DMA1_Stream0_TC.1.TransferTriggerMode=MDMA_REPEAT_BLOCK_TRANSFER
Mdma.MDMA_Channel0.DMA1_Stream0_TC.1.node=node_mdma_channel0_dma1_stream0_tc_1
Mdma.MDMA_Channel0.DMA1_Stream0_TC.1.pNewNode=node_mdma_channel0_dma1_stream0_tc_1
Mdma.MDMA_Channel0.Request0=DMA1_Stream0_TC
Mdma.MDMA_Channel0.Request1=DMA1_Stream0_TC
Mdma.MDMA_Channel0.RequestsNb=2
Mdma.MDMA_Channel1.DMA1_Stream0_TC.0.BlockCount=0
Mdma.MDMA_Channel1.DMA1_Stream0_TC.0.BlockDataLength=0
Mdma.MDMA_Channel1.DMA1_Stream0_TC.0.BufferTransferLength=4
Mdma.MDMA_Channel1.DMA1_Stream0_TC.0.CircularMode=MDMA_CIRCULAR_LIST_LOOPING_ON_FIRST_ELEMENT
Mdma.MDMA_Channel1.DMA1_Stream0_TC.0.DataAlignment=MDMA_DATAALIGN_PACKENABLE
Mdma.MDMA_Channel1.DMA1_Stream0_TC.0.DestBlockAddressOffset=0
Mdma.MDMA_Channel1.DMA1_Stream0_TC.0.DestBurst=MDMA_DEST_BURST_SINGLE
Mdma.MDMA_Channel1.DMA1_Stream0_TC.0.DestDataSize=MDMA_DEST_DATASIZE_WORD
Mdma.MDMA_Channel1.DMA1_Stream0_TC.0.DestinationInc=MDMA_DEST_INC_DISABLE
Mdma.MDMA_Channel1.DMA1_Stream0_TC.0.DstAddress=(uint32_t)&GPS_TIME_TRIGGER_GPIO_Port->BSRR
Mdma.MDMA_Channel1.DMA1_Stream0_TC.0.Endianness=MDMA_LITTLE_ENDIANNESS_PRESERVE
Mdma.MDMA_Channel1.DMA1_Stream0_TC.0.Instance=MDMA_Channel1
Mdma.MDMA_Channel1.DMA1_Stream0_TC.0.MaskAddress=0
Mdma.MDMA_Channel1.DMA1_Stream0_TC.0.MaskData=0
Mdma.MDMA_Channel1.DMA1_Stream0_TC.0.Priority=MDMA_PRIORITY_VERY_HIGH
Mdma.MDMA_Channel1.DMA1_Stream0_TC.0.Rank=First
Mdma.MDMA_Channel1.DMA1_Stream0_TC.0.RequestParameters=Instance,CircularMode,TransferTriggerMode,Priority,Endianness,SourceInc,DestinationInc,SourceDataSize,DestDataSize,DataAlignment,BufferTransferLength,SourceBurst,DestBurst,SourceBlockAddressOffset,DestBlockAddressOffset,MaskAddress,MaskData,SrcAddress,DstAddress,BlockDataLength,BlockCount,Rank
Mdma.MDMA_Channel1.DMA1_Stream0_TC.0.SourceBlockAddressOffset=0
Mdma.MDMA_Channel1.DMA1_Stream0_TC.0.SourceBurst=MDMA_SOURCE_BURST_SINGLE
Mdma.MDMA_Channel1.DMA1_Stream0_TC.0.SourceDataSize=MDMA_SRC_DATASIZE_WORD
Mdma.MDMA_Channel1.DMA1_Stream0_TC.0.SourceInc=MDMA_SRC_INC_DISABLE
Mdma.MDMA_Channel1.DMA1_Stream0_TC.0.SrcAddress=0
Mdma.MDMA_Channel1.DMA1_Stream0_TC.0.TransferTriggerMode=MDMA_BUFFER_TRANSFER
Mdma.MDMA_Channel1.DMA1_Stream0_TC.1.BlockCount=0
Mdma.MDMA_Channel1.DMA1_Stream0_TC.1.BlockDataLength=0
Mdma.MDMA_Channel1.DMA1_Stream0_TC.1.BufferTransferLength=4
Mdma.MDMA_Channel1.DMA1_Stream0_TC.1.CircularMode=MDMA_CIRCULAR_LIST_LOOPING_ON_FIRST_ELEMENT
Mdma.MDMA_Channel1.DMA1_Stream0_TC.1.DataAlignment=MDMA_DATAALIGN_PACKENABLE
Mdma.MDMA_Channel1.DMA1_Stream0_TC.1.DestBlockAddressOffset=0
Mdma.MDMA_Channel1.DMA1_Stream0_TC.1.DestBurst=MDMA_DEST_BURST_SINGLE
Mdma.MDMA_Channel1.DMA1_Stream0_TC.1.DestDataSize=MDMA_DEST_DATASIZE_WORD
Mdma.MDMA_Channel1.DMA1_Stream0_TC.1.DestinationInc=MDMA_DEST_INC_DISABLE
Mdma.MDMA_Channel1.DMA1_Stream0_TC.1.DstAddress=(uint32_t)&GPS_TIME_TRIGGER_GPIO_Port->BSRR
Mdma.MDMA_Channel1.DMA1_Stream0_TC.1.Endianness=MDMA_LITTLE_ENDIANNESS_PRESERVE
Mdma.MDMA_Channel1.DMA1_Stream0_TC.1.Instance=MDMA_Channel1
Mdma.MDMA_Channel1.DMA1_Stream0_TC.1.MaskAddress=0
Mdma.MDMA_Channel1.DMA1_Stream0_TC.1.MaskData=0
Mdma.MDMA_Channel1.DMA1_Stream0_TC.1.Priority=MDMA_PRIORITY_VERY_HIGH
Mdma.MDMA_Channel1.DMA1_Stream0_TC.1.Rank=Intermediate
Mdma.MDMA_Channel1.DMA1_Stream0_TC.1.RequestParameters=Instance,CircularMode,TransferTriggerMode,Priority,Endianness,SourceInc,DestinationInc,SourceDataSize,DestDataSize,DataAlignment,BufferTransferLength,SourceBurst,DestBurst,SourceBlockAddressOffset,DestBlockAddressOffset,MaskAddress,MaskData,SrcAddress,DstAddress,BlockDataLength,BlockCount,Rank,node,pNewNode
Mdma.MDMA_Channel1.DMA1_Stream0_TC.1.SourceBlockAddressOffset=0
Mdma.MDMA_Channel1.DMA1_Stream0_TC.1.SourceBurst=MDMA_SOURCE_BURST_SINGLE
Mdma.MDMA_Channel1.DMA1_Stream0_TC.1.SourceDataSize=MDMA_SRC_DATASIZE_WORD
Mdma.MDMA_Channel1.DMA1_Stream0_TC.1.SourceInc=MDMA_SRC_INC_DISABLE
Mdma.MDMA_Channel1.DMA1_Stream0_TC.1.SrcAddress=0
Mdma.MDMA_Channel1.DMA1_Stream0_TC.1.TransferTriggerMode=MDMA_BUFFER_TRANSFER
Mdma.MDMA_Channel1.DMA1_Stream0_TC.1.node=node_mdma_channel1_dma1_stream0_tc_1
Mdma.MDMA_Channel1.DMA1_Stream0_TC.1.pNewNode=node_mdma_channel1_dma1_stream0_tc_1
Mdma.MDMA_Channel1.DMA1_Stream0_TC.10.BlockCount=0
Mdma.MDMA_Channel1.DMA1_Stream0_TC.10.BlockDataLength=0
Mdma.MDMA_Channel1.DMA1_Stream0_TC.10.BufferTransferLength=4
Mdma.MDMA_Channel1.DMA1_Stream0_TC.10.CircularMode=MDMA_CIRCULAR_LIST_LOOPING_ON_FIRST_ELEMENT
Mdma.MDMA_Channel1.DMA1_Stream0_TC.10.DataAlignment=MDMA_DATAALIGN_PACKENABLE
Mdma.MDMA_Channel1.DMA1_Stream0_TC.10.DestBlockAddressOffset=0
Mdma.MDMA_Channel1.DMA1_Stream0_TC.10.DestBurst=MDMA_DEST_BURST_SINGLE
Mdma.MDMA_Channel1.DMA1_Stream0_TC.10.DestDataSize=MDMA_DEST_DATASIZE_WORD
Mdma.MDMA_Channel1.DMA1_Stream0_TC.10.DestinationInc=MDMA_DEST_INC_DISABLE
Mdma.MDMA_Channel1.DMA1_Stream0_TC.10.DstAddress=(uint32_t)&GPS_TIME_TRIGGER_GPIO_Port->BSRR
Mdma.MDMA_Channel1.DMA1_Stream0_TC.10.Endianness=MDMA_LITTLE_ENDIANNESS_PRESERVE
Mdma.MDMA_Channel1.DMA1_Stream0_TC.10.Instance=MDMA_Channel1
Mdma.MDMA_Channel1.DMA1_Stream0_TC.10.MaskAddress=0
Mdma.MDMA_Channel1.DMA1_Stream0_TC.10.MaskData=0
Mdma.MDMA_Channel1.DMA1_Stream0_TC.10.Priority=MDMA_PRIORITY_VERY_HIGH
Mdma.MDMA_Channel1.DMA1_Stream0_TC.10.Rank=Intermediate
Mdma.MDMA_Channel1.DMA1_Stream0_TC.10.RequestParameters=Instance,CircularMode,TransferTriggerMode,Priority,Endianness,SourceInc,DestinationInc,SourceDataSize,DestDataSize,DataAlignment,BufferTransferLength,SourceBurst,DestBurst,SourceBlockAddressOffset,DestBlockAddressOffset,MaskAddress,MaskData,SrcAddress,DstAddress,BlockDataLength,BlockCount,Rank,node,pNewNode
Mdma.MDMA_Channel1.DMA1_Stream0_TC.10.SourceBlockAddressOffset=0
Mdma.MDMA_Channel1.DMA1_Stream0_TC.10.SourceBurst=MDMA_SOURCE_BURST_SINGLE
Mdma.MDMA_Channel1.DMA1_Stream0_TC.10.SourceDataSize=MDMA_SRC_DATASIZE_WORD
Mdma.MDMA_Channel1.DMA1_Stream0_TC.10.SourceInc=MDMA_SRC_INC_DISABLE
Mdma.MDMA_Channel1.DMA1_Stream0_TC.10.SrcAddress=0
Mdma.MDMA_Channel1.DMA1_Stream0_TC.10.TransferTriggerMode=MDMA_BUFFER_TRANSFER
Mdma.MDMA_Channel1.DMA1_Stream0_TC.10.node=node_mdma_channel1_dma1_stream0_tc_10
Mdma.MDMA_Channel1.DMA1_Stream0_TC.10.pNewNode=node_mdma_channel1_dma1_stream0_tc_10
Mdma.MDMA_Channel1.DMA1_Stream0_TC.11.BlockCount=0
Mdma.MDMA_Channel1.DMA1_Stream0_TC.11.BlockDataLength=0
Mdma.MDMA_Channel1.DMA1_Stream0_TC.11.BufferTransferLength=4
Mdma.MDMA_Channel1.DMA1_Stream0_TC.11.CircularMode=MDMA_CIRCULAR_LIST_LOOPING_ON_FIRST_ELEMENT
Mdma.MDMA_Channel1.DMA1_Stream0_TC.11.DataAlignment=MDMA_DATAALIGN_PACKENABLE
Mdma.MDMA_Channel1.DMA1_Stream0_TC.11.DestBlockAddressOffset=0
Mdma.MDMA_Channel1.DMA1_Stream0_TC.11.DestBurst=MDMA_DEST_BURST_SINGLE
Mdma.MDMA_Channel1.DMA1_Stream0_TC.11.DestDataSize=MDMA_DEST_DATASIZE_WORD
Mdma.MDMA_Channel1.DMA1_Stream0_TC.11.DestinationInc=MDMA_DEST_INC_DISABLE
Mdma.MDMA_Channel1.DMA1_Stream0_TC.11.DstAddress=(uint32_t)&GPS_TIME_TRIGGER_GPIO_Port->BSRR
Mdma.MDMA_Channel1.DMA1_Stream0_TC.11.Endianness=MDMA_LITTLE_ENDIANNESS_PRESERVE
Mdma.MDMA_Channel1.DMA1_Stream0_TC.11.Instance=MDMA_Channel1
Mdma.MDMA_Channel1.DMA1_Stream0_TC.11.MaskAddress=0
Mdma.MDMA_Channel1.DMA1_Stream0_TC.11.MaskData=0
Mdma.MDMA_Channel1.DMA1_Stream0_TC.11.Priority=MDMA_PRIORITY_VERY_HIGH
Mdma.MDMA_Channel1.DMA1_Stream0_TC.11.Rank=Intermediate
Mdma.MDMA_Channel1.DMA1_Stream0_TC.11.RequestParameters=Instance,CircularMode,TransferTriggerMode,Priority,Endianness,SourceInc,DestinationInc,SourceDataSize,DestDataSize,DataAlignment,BufferTransferLength,SourceBurst,DestBurst,SourceBlockAddressOffset,DestBlockAddressOffset,MaskAddress,MaskData,SrcAddress,DstAddress,BlockDataLength,BlockCount,Rank,node,pNewNode
Mdma.MDMA_Channel1.DMA1_Stream0_TC.11.SourceBlockAddressOffset=0
Mdma.MDMA_Channel1.DMA1_Stream0_TC.11.SourceBurst=MDMA_SOURCE_BURST_SINGLE
Mdma.MDMA_Channel1.DMA1_Stream0_TC.11.SourceDataSize=MDMA_SRC_DATASIZE_WORD
Mdma.MDMA_Channel1.DMA1_Stream0_TC.11.SourceInc=MDMA_SRC_INC_DISABLE
Mdma.MDMA_Channel1.DMA1_Stream0_TC.11.SrcAddress=0
Mdma.MDMA_Channel1.DMA1_Stream0_TC.11.TransferTriggerMode=MDMA_BUFFER_TRANSFER
Mdma.MDMA_Channel1.DMA1_Stream0_TC.11.node=node_mdma_channel1_dma1_stream0_tc_11
Mdma.MDMA_Channel1.DMA1_Stream0_TC.11.pNewNode=node_mdma_channel1_dma1_stream0_tc_11
Mdma.MDMA_Channel1.DMA1_Stream0_TC.2.BlockCount=0
Mdma.MDMA_Channel1.DMA1_Stream0_TC.2.BlockDataLength=0
Mdma.MDMA_Channel1.DMA1_Stream0_TC.2.BufferTransferLength=4
Mdma.MDMA_Channel1.DMA1_Stream0_TC.2.CircularMode=MDMA_CIRCULAR_LIST_LOOPING_ON_FIRST_ELEMENT
Mdma.MDMA_Channel1.DMA1_Stream0_TC.2.DataAlignment=MDMA_DATAALIGN_PACKENABLE
Mdma.MDMA_Channel1.DMA1_Stream0_TC.2.DestBlockAddressOffset=0
Mdma.MDMA_Channel1.DMA1_Stream0_TC.2.DestBurst=MDMA_DEST_BURST_SINGLE
Mdma.MDMA_Channel1.DMA1_Stream0_TC.2.DestDataSize=MDMA_DEST_DATASIZE_WORD
Mdma.MDMA_Channel1.DMA1_Stream0_TC.2.DestinationInc=MDMA_DEST_INC_DISABLE
Mdma.MDMA_Channel1.DMA1_Stream0_TC.2.DstAddress=(uint32_t)&GPS_TIME_TRIGGER_GPIO_Port->BSRR
Mdma.MDMA_Channel1.DMA1_Stream0_TC.2.Endianness=MDMA_LITTLE_ENDIANNESS_PRESERVE
Mdma.MDMA_Channel1.DMA1_Stream0_TC.2.Instance=MDMA_Channel1
Mdma.MDMA_Channel1.DMA1_Stream0_TC.2.MaskAddress=0
Mdma.MDMA_Channel1.DMA1_Stream0_TC.2.MaskData=0
Mdma.MDMA_Channel1.DMA1_Stream0_TC.2.Priority=MDMA_PRIORITY_VERY_HIGH
Mdma.MDMA_Channel1.DMA1_Stream0_TC.2.Rank=Intermediate
Mdma.MDMA_Channel1.DMA1_Stream0_TC.2.RequestParameters=Instance,CircularMode,TransferTriggerMode,Priority,Endianness,SourceInc,DestinationInc,SourceDataSize,DestDataSize,DataAlignment,BufferTransferLength,SourceBurst,DestBurst,SourceBlockAddressOffset,DestBlockAddressOffset,MaskAddress,MaskData,SrcAddress,DstAddress,BlockDataLength,BlockCount,Rank,node,pNewNode
Mdma.MDMA_Channel1.DMA1_Stream0_TC.2.SourceBlockAddressOffset=0
Mdma.MDMA_Channel1.DMA1_Stream0_TC.2.SourceBurst=MDMA_SOURCE_BURST_SINGLE
Mdma.MDMA_Channel1.DMA1_Stream0_TC.2.SourceDataSize=MDMA_SRC_DATASIZE_WORD
Mdma.MDMA_Channel1.DMA1_Stream0_TC.2.SourceInc=MDMA_SRC_INC_DISABLE
Mdma.MDMA_Channel1.DMA1_Stream0_TC.2.SrcAddress=0
Mdma.MDMA_Channel1.DMA1_Stream0_TC.2.TransferTriggerMode=MDMA_BUFFER_TRANSFER
Mdma.MDMA_Channel1.DMA1_Stream0_TC.2.node=node_mdma_channel1_dma1_stream0_tc_2
Mdma.MDMA_Channel1.DMA1_Stream0_TC.2.pNewNode=node_mdma_channel1_dma1_stream0_tc_2
Mdma.MDMA_Channel1.DMA1_Stream0_TC.3.BlockCount=0
Mdma.MDMA_Channel1.DMA1_Stream0_TC.3.BlockDataLength=0
Mdma.MDMA_Channel1.DMA1_Stream0_TC.3.BufferTransferLength=4
Mdma.MDMA_Channel1.DMA1_Stream0_TC.3.CircularMode=MDMA_CIRCULAR_LIST_LOOPING_ON_FIRST_ELEMENT
Mdma.MDMA_Channel1.DMA1_Stream0_TC.3.DataAlignment=MDMA_DATAALIGN_PACKENABLE
Mdma.MDMA_Channel1.DMA1_Stream0_TC.3.DestBlockAddressOffset=0
Mdma.MDMA_Channel1.DMA1_Stream0_TC.3.DestBurst=MDMA_DEST_BURST_SINGLE
Mdma.MDMA_Channel1.DMA1_Stream0_TC.3.DestDataSize=MDMA_DEST_DATASIZE_WORD
Mdma.MDMA_Channel1.DMA1_Stream0_TC.3.DestinationInc=MDMA_DEST_INC_DISABLE
Mdma.MDMA_Channel1.DMA1_Stream0_TC.3.DstAddress=(uint32_t)&GPS_TIME_TRIGGER_GPIO_Port->BSRR
Mdma.MDMA_Channel1.DMA1_Stream0_TC.3.Endianness=MDMA_LITTLE_ENDIANNESS_PRESERVE
Mdma.MDMA_Channel1.DMA1_Stream0_TC.3.Instance=MDMA_Channel1
Mdma.MDMA_Channel1.DMA1_Stream0_TC.3.MaskAddress=0
Mdma.MDMA_Channel1.DMA1_Stream0_TC.3.MaskData=0
Mdma.MDMA_Channel1.DMA1_Stream0_TC.3.Priority=MDMA_PRIORITY_VERY_HIGH
Mdma.MDMA_Channel1.DMA1_Stream0_TC.3.Rank=Intermediate
Mdma.MDMA_Channel1.DMA1_Stream0_TC.3.RequestParameters=Instance,CircularMode,TransferTriggerMode,Priority,Endianness,SourceInc,DestinationInc,SourceDataSize,DestDataSize,DataAlignment,BufferTransferLength,SourceBurst,DestBurst,SourceBlockAddressOffset,DestBlockAddressOffset,MaskAddress,MaskData,SrcAddress,DstAddress,BlockDataLength,BlockCount,Rank,node,pNewNode
Mdma.MDMA_Channel1.DMA1_Stream0_TC.3.SourceBlockAddressOffset=0
Mdma.MDMA_Channel1.DMA1_Stream0_TC.3.SourceBurst=MDMA_SOURCE_BURST_SINGLE
Mdma.MDMA_Channel1.DMA1_Stream0_TC.3.SourceDataSize=MDMA_SRC_DATASIZE_WORD
Mdma.MDMA_Channel1.DMA1_Stream0_TC.3.SourceInc=MDMA_SRC_INC_DISABLE
Mdma.MDMA_Channel1.DMA1_Stream0_TC.3.SrcAddress=0
Mdma.MDMA_Channel1.DMA1_Stream0_TC.3.TransferTriggerMode=MDMA_BUFFER_TRANSFER
Mdma.MDMA_Channel1.DMA1_Stream0_TC.3.node=node_mdma_channel1_dma1_stream0_tc_3
Mdma.MDMA_Channel1.DMA1_Stream0_TC.3.pNewNode=node_mdma_channel1_dma1_stream0_tc_3
Mdma.MDMA_Channel1.DMA1_Stream0_TC.4.BlockCount=0
Mdma.MDMA_Channel1.DMA1_Stream0_TC.4.BlockDataLength=0
Mdma.MDMA_Channel1.DMA1_Stream0_TC.4.BufferTransferLength=4
Mdma.MDMA_Channel1.DMA1_Stream0_TC.4.CircularMode=MDMA_CIRCULAR_LIST_LOOPING_ON_FIRST_ELEMENT
Mdma.MDMA_Channel1.DMA1_Stream0_TC.4.DataAlignment=MDMA_DATAALIGN_PACKENABLE
Mdma.MDMA_Channel1.DMA1_Stream0_TC.4.DestBlockAddressOffset=0
Mdma.MDMA_Channel1.DMA1_Stream0_TC.4.DestBurst=MDMA_DEST_BURST_SINGLE
Mdma.MDMA_Channel1.DMA1_Stream0_TC.4.DestDataSize=MDMA_DEST_DATASIZE_WORD
Mdma.MDMA_Channel1.DMA1_Stream0_TC.4.DestinationInc=MDMA_DEST_INC_DISABLE
Mdma.MDMA_Channel1.DMA1_Stream0_TC.4.DstAddress=(uint32_t)&GPS_TIME_TRIGGER_GPIO_Port->BSRR
Mdma.MDMA_Channel1.DMA1_Stream0_TC.4.Endianness=MDMA_LITTLE_ENDIANNESS_PRESERVE
Mdma.MDMA_Channel1.DMA1_Stream0_TC.4.Instance=MDMA_Channel1
Mdma.MDMA_Channel1.DMA1_Stream0_TC.4.MaskAddress=0
Mdma.MDMA_Channel1.DMA1_Stream0_TC.4.MaskData=0
Mdma.MDMA_Channel1.DMA1_Stream0_TC.4.Priority=MDMA_PRIORITY_VERY_HIGH
Mdma.MDMA_Channel1.DMA1_Stream0_TC.4.Rank=Intermediate
Mdma.MDMA_Channel1.DMA1_Stream0_TC.4.RequestParameters=Instance,CircularMode,TransferTriggerMode,Priority,Endianness,SourceInc,DestinationInc,SourceDataSize,DestDataSize,DataAlignment,BufferTransferLength,SourceBurst,DestBurst,SourceBlockAddressOffset,DestBlockAddressOffset,MaskAddress,MaskData,SrcAddress,DstAddress,BlockDataLength,BlockCount,Rank,node,pNewNode
Mdma.MDMA_Channel1.DMA1_Stream0_TC.4.SourceBlockAddressOffset=0
Mdma.MDMA_Channel1.DMA1_Stream0_TC.4.SourceBurst=MDMA_SOURCE_BURST_SINGLE
Mdma.MDMA_Channel1.DMA1_Stream0_TC.4.SourceDataSize=MDMA_SRC_DATASIZE_WORD
Mdma.MDMA_Channel1.DMA1_Stream0_TC.4.SourceInc=MDMA_SRC_INC_DISABLE
Mdma.MDMA_Channel1.DMA1_Stream0_TC.4.SrcAddress=0
Mdma.MDMA_Channel1.DMA1_Stream0_TC.4.TransferTriggerMode=MDMA_BUFFER_TRANSFER
Mdma.MDMA_Channel1.DMA1_Stream0_TC.4.node=node_mdma_channel1_dma1_stream0_tc_4
Mdma.MDMA_Channel1.DMA1_Stream0_TC.4.pNewNode=node_mdma_channel1_dma1_stream0_tc_4
Mdma.MDMA_Channel1.DMA1_Stream0_TC.5.BlockCount=0
Mdma.MDMA_Channel1.DMA1_Stream0_TC.5.BlockDataLength=0
Mdma.MDMA_Channel1.DMA1_Stream0_TC.5.BufferTransferLength=4
Mdma.MDMA_Channel1.DMA1_Stream0_TC.5.CircularMode=MDMA_CIRCULAR_LIST_LOOPING_ON_FIRST_ELEMENT
Mdma.MDMA_Channel1.DMA1_Stream0_TC.5.DataAlignment=MDMA_DATAALIGN_PACKENABLE
Mdma.MDMA_Channel1.DMA1_Stream0_TC.5.DestBlockAddressOffset=0
Mdma.MDMA_Channel1.DMA1_Stream0_TC.5.DestBurst=MDMA_DEST_BURST_SINGLE
Mdma.MDMA_Channel1.DMA1_Stream0_TC.5.DestDataSize=MDMA_DEST_DATASIZE_WORD
Mdma.MDMA_Channel1.DMA1_Stream0_TC.5.DestinationInc=MDMA_DEST_INC_DISABLE
Mdma.MDMA_Channel1.DMA1_Stream0_TC.5.DstAddress=(uint32_t)&GPS_TIME_TRIGGER_GPIO_Port->BSRR
Mdma.MDMA_Channel1.DMA1_Stream0_TC.5.Endianness=MDMA_LITTLE_ENDIANNESS_PRESERVE
Mdma.MDMA_Channel1.DMA1_Stream0_TC.5.Instance=MDMA_Channel1
Mdma.MDMA_Channel1.DMA1_Stream0_TC.5.MaskAddress=0
Mdma.MDMA_Channel1.DMA1_Stream0_TC.5.MaskData=0
Mdma.MDMA_Channel1.DMA1_Stream0_TC.5.Priority=MDMA_PRIORITY_VERY_HIGH
Mdma.MDMA_Channel1.DMA1_Stream0_TC.5.Rank=Intermediate
Mdma.MDMA_Channel1.DMA1_Stream0_TC.5.RequestParameters=Instance,CircularMode,TransferTriggerMode,Priority,Endianness,SourceInc,DestinationInc,SourceDataSize,DestDataSize,DataAlignment,BufferTransferLength,SourceBurst,DestBurst,SourceBlockAddressOffset,DestBlockAddressOffset,MaskAddress,MaskData,SrcAddress,DstAddress,BlockDataLength,BlockCount,Rank,node,pNewNode
Mdma.MDMA_Channel1.DMA1_Stream0_TC.5.SourceBlockAddressOffset=0
Mdma.MDMA_Channel1.DMA1_Stream0_TC.5.SourceBurst=MDMA_SOURCE_BURST_SINGLE
Mdma.MDMA_Channel1.DMA1_Stream0_TC.5.SourceDataSize=MDMA_SRC_DATASIZE_WORD
Mdma.MDMA_Channel1.DMA1_Stream0_TC.5.SourceInc=MDMA_SRC_INC_DISABLE
Mdma.MDMA_Channel1.DMA1_Stream0_TC.5.SrcAddress=0
Mdma.MDMA_Channel1.DMA1_Stream0_TC.5.TransferTriggerMode=MDMA_BUFFER_TRANSFER
Mdma.MDMA_Channel1.DMA1_Stream0_TC.5.node=node_mdma_channel1_dma1_stream0_tc_5
Mdma.MDMA_Channel1.DMA1_Stream0_TC.5.pNewNode=node_mdma_channel1_dma1_stream0_tc_5
Mdma.MDMA_Channel1.DMA1_Stream0_TC.6.BlockCount=0
Mdma.MDMA_Channel1.DMA1_Stream0_TC.6.BlockDataLength=0
Mdma.MDMA_Channel1.DMA1_Stream0_TC.6.BufferTransferLength=4
Mdma.MDMA_Channel1.DMA1_Stream0_TC.6.CircularMode=MDMA_CIRCULAR_LIST_LOOPING_ON_FIRST_ELEMENT
Mdma.MDMA_Channel1.DMA1_Stream0_TC.6.DataAlignment=MDMA_DATAALIGN_PACKENABLE
Mdma.MDMA_Channel1.DMA1_Stream0_TC.6.DestBlockAddressOffset=0
Mdma.MDMA_Channel1.DMA1_Stream0_TC.6.DestBurst=MDMA_DEST_BURST_SINGLE
Mdma.MDMA_Channel1.DMA1_Stream0_TC.6.DestDataSize=MDMA_DEST_DATASIZE_WORD
Mdma.MDMA_Channel1.DMA1_Stream0_TC.6.DestinationInc=MDMA_DEST_INC_DISABLE
Mdma.MDMA_Channel1.DMA1_Stream0_TC.6.DstAddress=(uint32_t)&GPS_TIME_TRIGGER_GPIO_Port->BSRR
Mdma.MDMA_Channel1.DMA1_Stream0_TC.6.Endianness=MDMA_LITTLE_ENDIANNESS_PRESERVE
Mdma.MDMA_Channel1.DMA1_Stream0_TC.6.Instance=MDMA_Channel1
Mdma.MDMA_Channel1.DMA1_Stream0_TC.6.MaskAddress=0
Mdma.MDMA_Channel1.DMA1_Stream0_TC.6.MaskData=0
Mdma.MDMA_Channel1.DMA1_Stream0_TC.6.Priority=MDMA_PRIORITY_VERY_HIGH
Mdma.MDMA_Channel1.DMA1_Stream0_TC.6.Rank=Intermediate
Mdma.MDMA_Channel1.DMA1_Stream0_TC.6.RequestParameters=Instance,CircularMode,TransferTriggerMode,Priority,Endianness,SourceInc,DestinationInc,SourceDataSize,DestDataSize,DataAlignment,BufferTransferLength,SourceBurst,DestBurst,SourceBlockAddressOffset,DestBlockAddressOffset,MaskAddress,MaskData,SrcAddress,DstAddress,BlockDataLength,BlockCount,Rank,node,pNewNode
Mdma.MDMA_Channel1.DMA1_Stream0_TC.6.SourceBlockAddressOffset=0
Mdma.MDMA_Channel1.DMA1_Stream0_TC.6.SourceBurst=MDMA_SOURCE_BURST_SINGLE
Mdma.MDMA_Channel1.DMA1_Stream0_TC.6.SourceDataSize=MDMA_SRC_DATASIZE_WORD
Mdma.MDMA_Channel1.DMA1_Stream0_TC.6.SourceInc=MDMA_SRC_INC_DISABLE
Mdma.MDMA_Channel1.DMA1_Stream0_TC.6.SrcAddress=0
Mdma.MDMA_Channel1.DMA1_Stream0_TC.6.TransferTriggerMode=MDMA_BUFFER_TRANSFER
Mdma.MDMA_Channel1.DMA1_Stream0_TC.6.node=node_mdma_channel1_dma1_stream0_tc_6
Mdma.MDMA_Channel1.DMA1_Stream0_TC.6.pNewNode=node_mdma_channel1_dma1_stream0_tc_6
Mdma.MDMA_Channel1.DMA1_Stream0_TC.7.BlockCount=0
Mdma.MDMA_Channel1.DMA1_Stream0_TC.7.BlockDataLength=0
Mdma.MDMA_Channel1.DMA1_Stream0_TC.7.BufferTransferLength=4
Mdma.MDMA_Channel1.DMA1_Stream0_TC.7.CircularMode=MDMA_CIRCULAR_LIST_LOOPING_ON_FIRST_ELEMENT
Mdma.MDMA_Channel1.DMA1_Stream0_TC.7.DataAlignment=MDMA_DATAALIGN_PACKENABLE
Mdma.MDMA_Channel1.DMA1_Stream0_TC.7.DestBlockAddressOffset=0
Mdma.MDMA_Channel1.DMA1_Stream0_TC.7.DestBurst=MDMA_DEST_BURST_SINGLE
Mdma.MDMA_Channel1.DMA1_Stream0_TC.7.DestDataSize=MDMA_DEST_DATASIZE_WORD
Mdma.MDMA_Channel1.DMA1_Stream0_TC.7.DestinationInc=MDMA_DEST_INC_DISABLE
Mdma.MDMA_Channel1.DMA1_Stream0_TC.7.DstAddress=(uint32_t)&GPS_TIME_TRIGGER_GPIO_Port->BSRR
Mdma.MDMA_Channel1.DMA1_Stream0_TC.7.Endianness=MDMA_LITTLE_ENDIANNESS_PRESERVE
Mdma.MDMA_Channel1.DMA1_Stream0_TC.7.Instance=MDMA_Channel1
Mdma.MDMA_Channel1.DMA1_Stream0_TC.7.MaskAddress=0
Mdma.MDMA_Channel1.DMA1_Stream0_TC.7.MaskData=0
Mdma.MDMA_Channel1.DMA1_Stream0_TC.7.Priority=MDMA_PRIORITY_VERY_HIGH
Mdma.MDMA_Channel1.DMA1_Stream0_TC.7.Rank=Intermediate
Mdma.MDMA_Channel1.DMA1_Stream0_TC.7.RequestParameters=Instance,CircularMode,TransferTriggerMode,Priority,Endianness,SourceInc,DestinationInc,SourceDataSize,DestDataSize,DataAlignment,BufferTransferLength,SourceBurst,DestBurst,SourceBlockAddressOffset,DestBlockAddressOffset,MaskAddress,MaskData,SrcAddress,DstAddress,BlockDataLength,BlockCount,Rank,node,pNewNode
Mdma.MDMA_Channel1.DMA1_Stream0_TC.7.SourceBlockAddressOffset=0
Mdma.MDMA_Channel1.DMA1_Stream0_TC.7.SourceBurst=MDMA_SOURCE_BURST_SINGLE
Mdma.MDMA_Channel1.DMA1_Stream0_TC.7.SourceDataSize=MDMA_SRC_DATASIZE_WORD
Mdma.MDMA_Channel1.DMA1_Stream0_TC.7.SourceInc=MDMA_SRC_INC_DISABLE
Mdma.MDMA_Channel1.DMA1_Stream0_TC.7.SrcAddress=0
Mdma.MDMA_Channel1.DMA1_Stream0_TC.7.TransferTriggerMode=MDMA_BUFFER_TRANSFER
Mdma.MDMA_Channel1.DMA1_Stream0_TC.7.node=node_mdma_channel1_dma1_stream0_tc_7
Mdma.MDMA_Channel1.DMA1_Stream0_TC.7.pNewNode=node_mdma_channel1_dma1_stream0_tc_7
Mdma.MDMA_Channel1.DMA1_Stream0_TC.8.BlockCount=0
Mdma.MDMA_Channel1.DMA1_Stream0_TC.8.BlockDataLength=0
Mdma.MDMA_Channel1.DMA1_Stream0_TC.8.BufferTransferLength=4
Mdma.MDMA_Channel1.DMA1_Stream0_TC.8.CircularMode=MDMA_CIRCULAR_LIST_LOOPING_ON_FIRST_ELEMENT
Mdma.MDMA_Channel1.DMA1_Stream0_TC.8.DataAlignment=MDMA_DATAALIGN_PACKENABLE
Mdma.MDMA_Channel1.DMA1_Stream0_TC.8.DestBlockAddressOffset=0
Mdma.MDMA_Channel1.DMA1_Stream0_TC.8.DestBurst=MDMA_DEST_BURST_SINGLE
Mdma.MDMA_Channel1.DMA1_Stream0_TC.8.DestDataSize=MDMA_DEST_DATASIZE_WORD
Mdma.MDMA_Channel1.DMA1_Stream0_TC.8.DestinationInc=MDMA_DEST_INC_DISABLE
Mdma.MDMA_Channel1.DMA1_Stream0_TC.8.DstAddress=(uint32_t)&GPS_TIME_TRIGGER_GPIO_Port->BSRR
Mdma.MDMA_Channel1.DMA1_Stream0_TC.8.Endianness=MDMA_LITTLE_ENDIANNESS_PRESERVE
Mdma.MDMA_Channel1.DMA1_Stream0_TC.8.Instance=MDMA_Channel1
Mdma.MDMA_Channel1.DMA1_Stream0_TC.8.MaskAddress=0
Mdma.MDMA_Channel1.DMA1_Stream0_TC.8.MaskData=0
Mdma.MDMA_Channel1.DMA1_Stream0_TC.8.Priority=MDMA_PRIORITY_VERY_HIGH
Mdma.MDMA_Channel1.DMA1_Stream0_TC.8.Rank=Intermediate
Mdma.MDMA_Channel1.DMA1_Stream0_TC.8.RequestParameters=Instance,CircularMode,TransferTriggerMode,Priority,Endianness,SourceInc,DestinationInc,SourceDataSize,DestDataSize,DataAlignment,BufferTransferLength,SourceBurst,DestBurst,SourceBlockAddressOffset,DestBlockAddressOffset,MaskAddress,MaskData,SrcAddress,DstAddress,BlockDataLength,BlockCount,Rank,node,pNewNode
Mdma.MDMA_Channel1.DMA1_Stream0_TC.8.SourceBlockAddressOffset=0
Mdma.MDMA_Channel1.DMA1_Stream0_TC.8.SourceBurst=MDMA_SOURCE_BURST_SINGLE
Mdma.MDMA_Channel1.DMA1_Stream0_TC.8.SourceDataSize=MDMA_SRC_DATASIZE_WORD
Mdma.MDMA_Channel1.DMA1_Stream0_TC.8.SourceInc=MDMA_SRC_INC_DISABLE
Mdma.MDMA_Channel1.DMA1_Stream0_TC.8.SrcAddress=0
Mdma.MDMA_Channel1.DMA1_Stream0_TC.8.TransferTriggerMode=MDMA_BUFFER_TRANSFER
Mdma.MDMA_Channel1.DMA1_Stream0_TC.8.node=node_mdma_channel1_dma1_stream0_tc_8
Mdma.MDMA_Channel1.DMA1_Stream0_TC.8.pNewNode=node_mdma_channel1_dma1_stream0_tc_8
Mdma.MDMA_Channel1.DMA1_Stream0_TC.9.BlockCount=0
Mdma.MDMA_Channel1.DMA1_Stream0_TC.9.BlockDataLength=0
Mdma.MDMA_Channel1.DMA1_Stream0_TC.9.BufferTransferLength=4
Mdma.MDMA_Channel1.DMA1_Stream0_TC.9.CircularMode=MDMA_CIRCULAR_LIST_LOOPING_ON_FIRST_ELEMENT
Mdma.MDMA_Channel1.DMA1_Stream0_TC.9.DataAlignment=MDMA_DATAALIGN_PACKENABLE
Mdma.MDMA_Channel1.DMA1_Stream0_TC.9.DestBlockAddressOffset=0
Mdma.MDMA_Channel1.DMA1_Stream0_TC.9.DestBurst=MDMA_DEST_BURST_SINGLE
Mdma.MDMA_Channel1.DMA1_Stream0_TC.9.DestDataSize=MDMA_DEST_DATASIZE_WORD
Mdma.MDMA_Channel1.DMA1_Stream0_TC.9.DestinationInc=MDMA_DEST_INC_DISABLE
Mdma.MDMA_Channel1.DMA1_Stream0_TC.9.DstAddress=(uint32_t)&GPS_TIME_TRIGGER_GPIO_Port->BSRR
Mdma.MDMA_Channel1.DMA1_Stream0_TC.9.Endianness=MDMA_LITTLE_ENDIANNESS_PRESERVE
Mdma.MDMA_Channel1.DMA1_Stream0_TC.9.Instance=MDMA_Channel1
Mdma.MDMA_Channel1.DMA1_Stream0_TC.9.MaskAddress=0
Mdma.MDMA_Channel1.DMA1_Stream0_TC.9.MaskData=0
Mdma.MDMA_Channel1.DMA1_Stream0_TC.9.Priority=MDMA_PRIORITY_VERY_HIGH
Mdma.MDMA_Channel1.DMA1_Stream0_TC.9.Rank=Intermediate
Mdma.MDMA_Channel1.DMA1_Stream0_TC.9.RequestParameters=Instance,CircularMode,TransferTriggerMode,Priority,Endianness,SourceInc,DestinationInc,SourceDataSize,DestDataSize,DataAlignment,BufferTransferLength,SourceBurst,DestBurst,SourceBlockAddressOffset,DestBlockAddressOffset,MaskAddress,MaskData,SrcAddress,DstAddress,BlockDataLength,BlockCount,Rank,node,pNewNode
Mdma.MDMA_Channel1.DMA1_Stream0_TC.9.SourceBlockAddressOffset=0
Mdma.MDMA_Channel1.DMA1_Stream0_TC.9.SourceBurst=MDMA_SOURCE_BURST_SINGLE
Mdma.MDMA_Channel1.DMA1_Stream0_TC.9.SourceDataSize=MDMA_SRC_DATASIZE_WORD
Mdma.MDMA_Channel1.DMA1_Stream0_TC.9.SourceInc=MDMA_SRC_INC_DISABLE
Mdma.MDMA_Channel1.DMA1_Stream0_TC.9.SrcAddress=0
Mdma.MDMA_Channel1.DMA1_Stream0_TC.9.TransferTriggerMode=MDMA_BUFFER_TRANSFER
Mdma.MDMA_Channel1.DMA1_Stream0_TC.9.node=node_mdma_channel1_dma1_stream0_tc_9
Mdma.MDMA_Channel1.DMA1_Stream0_TC.9.pNewNode=node_mdma_channel1_dma1_stream0_tc_9
Mdma.MDMA_Channel1.Request0=DMA1_Stream0_TC
Mdma.MDMA_Channel1.Request1=DMA1_Stream0_TC
Mdma.MDMA_Channel1.Request10=DMA1_Stream0_TC
Mdma.MDMA_Channel1.Request11=DMA1_Stream0_TC
Mdma.MDMA_Channel1.Request2=DMA1_Stream0_TC
Mdma.MDMA_Channel1.Request3=DMA1_Stream0_TC
Mdma.MDMA_Channel1.Request4=DMA1_Stream0_TC
Mdma.MDMA_Channel1.Request5=DMA1_Stream0_TC
Mdma.MDMA_Channel1.Request6=DMA1_Stream0_TC
Mdma.MDMA_Channel1.Request7=DMA1_Stream0_TC
Mdma.MDMA_Channel1.Request8=DMA1_Stream0_TC
Mdma.MDMA_Channel1.Request9=DMA1_Stream0_TC
Mdma.MDMA_Channel1.RequestsNb=12
Mdma.MDMA_Channel2.Request0=SW
Mdma.MDMA_Channel2.RequestsNb=1
Mdma.MDMA_Channel2.SW.0.BlockCount=1
Mdma.MDMA_Channel2.SW.0.BlockDataLength=0
Mdma.MDMA_Channel2.SW.0.BufferTransferLength=128
Mdma.MDMA_Channel2.SW.0.CircularMode=MDMA_LINEAR_LIST
Mdma.MDMA_Channel2.SW.0.DataAlignment=MDMA_DATAALIGN_PACKENABLE
Mdma.MDMA_Channel2.SW.0.DestBlockAddressOffset=0
Mdma.MDMA_Channel2.SW.0.DestBurst=MDMA_DEST_BURST_32BEATS
Mdma.MDMA_Channel2.SW.0.DestDataSize=MDMA_DEST_DATASIZE_WORD
Mdma.MDMA_Channel2.SW.0.DestinationInc=MDMA_DEST_INC_WORD
Mdma.MDMA_Channel2.SW.0.DstAddress=0
Mdma.MDMA_Channel2.SW.0.Endianness=MDMA_LITTLE_ENDIANNESS_PRESERVE
Mdma.MDMA_Channel2.SW.0.Instance=MDMA_Channel2
Mdma.MDMA_Channel2.SW.0.MaskAddress=0
Mdma.MDMA_Channel2.SW.0.MaskData=0
Mdma.MDMA_Channel2.SW.0.Priority=MDMA_PRIORITY_HIGH
Mdma.MDMA_Channel2.SW.0.Rank=First
Mdma.MDMA_Channel2.SW.0.RequestParameters=Instance,CircularMode,TransferTriggerMode,Priority,Endianness,SourceInc,DestinationInc,SourceDataSize,DestDataSize,DataAlignment,BufferTransferLength,SourceBurst,DestBurst,SourceBlockAddressOffset,DestBlockAddressOffset,MaskAddress,MaskData,SrcAddress,DstAddress,BlockDataLength,BlockCount,Rank
Mdma.MDMA_Channel2.SW.0.SourceBlockAddressOffset=0
Mdma.MDMA_Channel2.SW.0.SourceBurst=MDMA_SOURCE_BURST_32BEATS
Mdma.MDMA_Channel2.SW.0.SourceDataSize=MDMA_SRC_DATASIZE_WORD
Mdma.MDMA_Channel2.SW.0.SourceInc=MDMA_SRC_INC_WORD
Mdma.MDMA_Channel2.SW.0.SrcAddress=0
Mdma.MDMA_Channel2.SW.0.TransferTriggerMode=MDMA_BUFFER_TRANSFER
Mdma.RequestSet0=MDMA_Channel0
Mdma.RequestSet1=MDMA_Channel2
Mdma.RequestSet2=MDMA_Channel1
Mdma.RequestSetsNb=3
MxCube.Version=6.15.0
MxDb.Version=DB.6.0.150
NVIC1.BusFault_IRQn=true\:0\:0\:false\:false\:true\:false\:false\:false
NVIC1.DebugMonitor_IRQn=true\:0\:0\:false\:false\:true\:false\:false\:false
NVIC1.ForceEnableDMAVector=false
NVIC1.HardFault_IRQn=true\:0\:0\:false\:false\:true\:false\:false\:false
NVIC1.MDMA_IRQn=true\:0\:0\:false\:false\:false\:false\:false\:false
NVIC1.MemoryManagement_IRQn=true\:0\:0\:false\:false\:true\:false\:false\:false
NVIC1.NonMaskableInt_IRQn=true\:0\:0\:false\:false\:true\:false\:false\:false
NVIC1.PendSV_IRQn=true\:0\:0\:false\:false\:true\:false\:false\:false
NVIC1.PriorityGroup=NVIC_PRIORITYGROUP_4
NVIC1.SVCall_IRQn=true\:0\:0\:false\:false\:true\:false\:false\:false
NVIC1.SysTick_IRQn=true\:15\:0\:false\:false\:true\:false\:true\:false
NVIC1.UsageFault_IRQn=true\:0\:0\:false\:false\:true\:false\:false\:false
NVIC2.BusFault_IRQn=true\:0\:0\:false\:false\:true\:false\:false\:false
NVIC2.DebugMonitor_IRQn=true\:0\:0\:false\:false\:true\:false\:false\:false
NVIC2.ForceEnableDMAVector=false
NVIC2.HardFault_IRQn=true\:0\:0\:false\:false\:true\:false\:false\:false
NVIC2.MemoryManagement_IRQn=true\:0\:0\:false\:false\:true\:false\:false\:false
NVIC2.NonMaskableInt_IRQn=true\:0\:0\:false\:false\:true\:false\:false\:false
NVIC2.OTG_FS_IRQn=true\:0\:0\:false\:false\:true\:false\:true\:true
NVIC2.PendSV_IRQn=true\:0\:0\:false\:false\:true\:false\:false\:false
NVIC2.PriorityGroup=NVIC_PRIORITYGROUP_4
NVIC2.SPI2_IRQn=true\:0\:0\:false\:false\:true\:false\:true\:true
NVIC2.SVCall_IRQn=true\:0\:0\:false\:false\:true\:false\:false\:false
NVIC2.SysTick_IRQn=true\:15\:0\:false\:false\:true\:false\:true\:false
NVIC2.UsageFault_IRQn=true\:0\:0\:false\:false\:true\:false\:false\:false
PA0.GPIOParameters=GPIO_Speed,GPIO_Label,PinAttribute
PA0.GPIO_Label=CELL_CTS
PA0.GPIO_Speed=GPIO_SPEED_FREQ_HIGH
PA0.Locked=true
PA0.Mode=CTS_RTS
PA0.PinAttribute=CortexM4
PA0.Signal=USART2_CTS
PA1.GPIOParameters=GPIO_Speed,GPIO_Label,PinAttribute
PA1.GPIO_Label=CELL_RTS
PA1.GPIO_Speed=GPIO_SPEED_FREQ_HIGH
PA1.Locked=true
PA1.Mode=CTS_RTS
PA1.PinAttribute=CortexM4
PA1.Signal=USART2_RTS
PA11.GPIOParameters=GPIO_Speed,GPIO_Label,PinAttribute
PA11.GPIO_Label=USB_DM
PA11.GPIO_Speed=GPIO_SPEED_FREQ_VERY_HIGH
PA11.Locked=true
PA11.Mode=Device_Only
PA11.PinAttribute=CortexM4
PA11.Signal=USB_OTG_FS_DM
PA12.GPIOParameters=GPIO_Speed,GPIO_Label,PinAttribute
PA12.GPIO_Label=USB_DP
PA12.GPIO_Speed=GPIO_SPEED_FREQ_VERY_HIGH
PA12.Locked=true
PA12.Mode=Device_Only
PA12.PinAttribute=CortexM4
PA12.Signal=USB_OTG_FS_DP
PA13\ (JTMS/SWDIO).GPIOParameters=GPIO_Label,PinAttribute
PA13\ (JTMS/SWDIO).GPIO_Label=DEBUG_SWDIO
PA13\ (JTMS/SWDIO).Locked=true
PA13\ (JTMS/SWDIO).Mode=Trace_Asynchronous_SW
PA13\ (JTMS/SWDIO).PinAttribute=CortexM4
PA13\ (JTMS/SWDIO).Signal=DEBUG_JTMS-SWDIO
PA14\ (JTCK/SWCLK).GPIOParameters=GPIO_Label,PinAttribute
PA14\ (JTCK/SWCLK).GPIO_Label=DEBUG_SWCLK
PA14\ (JTCK/SWCLK).Locked=true
PA14\ (JTCK/SWCLK).Mode=Trace_Asynchronous_SW
PA14\ (JTCK/SWCLK).PinAttribute=CortexM4
PA14\ (JTCK/SWCLK).Signal=DEBUG_JTCK-SWCLK
PA2.GPIOParameters=GPIO_Speed,GPIO_Label,PinAttribute
PA2.GPIO_Label=CELL_TX
PA2.GPIO_Speed=GPIO_SPEED_FREQ_HIGH
PA2.Locked=true
PA2.Mode=Asynchronous
PA2.PinAttribute=CortexM4
PA2.Signal=USART2_TX
PA3.GPIOParameters=GPIO_Speed,GPIO_Label,PinAttribute
PA3.GPIO_Label=CELL_RX
PA3.GPIO_Speed=GPIO_SPEED_FREQ_HIGH
PA3.Locked=true
PA3.Mode=Asynchronous
PA3.PinAttribute=CortexM4
PA3.Signal=USART2_RX
PA4.ContextOwner=CortexM4
PA4.GPIOParameters=PinState,GPIO_PuPd,GPIO_Label,GPIO_ModeDefaultOutputPP,PinAttribute
PA4.GPIO_Label=CELL_NPWR_ON
PA4.GPIO_ModeDefaultOutputPP=GPIO_MODE_OUTPUT_OD
PA4.GPIO_PuPd=GPIO_NOPULL
PA4.Locked=true
PA4.PinAttribute=CortexM4
PA4.PinState=GPIO_PIN_SET
PA4.Signal=GPIO_Output
PA5.ContextOwner=CortexM4
PA5.GPIOParameters=PinState,GPIO_PuPd,GPIO_Label,GPIO_ModeDefaultOutputPP,PinAttribute
PA5.GPIO_Label=CELL_NRESET
PA5.GPIO_ModeDefaultOutputPP=GPIO_MODE_OUTPUT_OD
PA5.GPIO_PuPd=GPIO_NOPULL
PA5.Locked=true
PA5.PinAttribute=CortexM4
PA5.PinState=GPIO_PIN_SET
PA5.Signal=GPIO_Output
PA8.GPIOParameters=GPIO_Speed,GPIO_Label,PinAttribute
PA8.GPIO_Label=FROM_AI_SCL
PA8.GPIO_Speed=GPIO_SPEED_FREQ_VERY_HIGH
PA8.Locked=true
PA8.Mode=I2C
PA8.PinAttribute=CortexM4
PA8.Signal=I2C3_SCL
PB1.ContextOwner=CortexM4
PB1.GPIOParameters=GPIO_Label,PinAttribute
PB1.GPIO_Label=LED_GPS_STATUS
PB1.Locked=true
PB1.PinAttribute=CortexM4
PB1.Signal=GPIO_Output
PB10.GPIOParameters=GPIO_Speed,GPIO_Label,PinAttribute
PB10.GPIO_Label=MICS_SCL
PB10.GPIO_Speed=GPIO_SPEED_FREQ_HIGH
PB10.Locked=true
PB10.Mode=I2C
PB10.PinAttribute=CortexM7
PB10.Signal=I2C2_SCL
PB11.GPIOParameters=GPIO_Speed,GPIO_Label,PinAttribute
PB11.GPIO_Label=MICS_SDA
PB11.GPIO_Speed=GPIO_SPEED_FREQ_HIGH
PB11.Locked=true
PB11.Mode=I2C
PB11.PinAttribute=CortexM7
PB11.Signal=I2C2_SDA
PB12.GPIOParameters=GPIO_Speed,GPIO_Label,PinAttribute
PB12.GPIO_Label=TO_AI_CS
PB12.GPIO_Speed=GPIO_SPEED_FREQ_VERY_HIGH
PB12.Mode=NSS_Signal_Hard_Output
PB12.PinAttribute=CortexM4
PB12.Signal=SPI2_NSS
PB13.GPIOParameters=GPIO_Speed,GPIO_Label,PinAttribute
PB13.GPIO_Label=TO_AI_SCK
PB13.GPIO_Speed=GPIO_SPEED_FREQ_VERY_HIGH
PB13.Mode=Full_Duplex_Master
PB13.PinAttribute=CortexM4
PB13.Signal=SPI2_SCK
PB14.GPIOParameters=GPIO_Speed,GPIO_Label,PinAttribute
PB14.GPIO_Label=TO_AI_MISO
PB14.GPIO_Speed=GPIO_SPEED_FREQ_VERY_HIGH
PB14.Locked=true
PB14.Mode=Full_Duplex_Master
PB14.PinAttribute=CortexM4
PB14.Signal=SPI2_MISO
PB15.GPIOParameters=GPIO_Speed,GPIO_Label,PinAttribute
PB15.GPIO_Label=TO_AI_MOSI
PB15.GPIO_Speed=GPIO_SPEED_FREQ_VERY_HIGH
PB15.Locked=true
PB15.Mode=Full_Duplex_Master
PB15.PinAttribute=CortexM4
PB15.Signal=SPI2_MOSI
PB3\ (JTDO/TRACESWO).GPIOParameters=GPIO_Label,PinAttribute
PB3\ (JTDO/TRACESWO).GPIO_Label=DEBUG_SWO
PB3\ (JTDO/TRACESWO).Locked=true
PB3\ (JTDO/TRACESWO).Mode=Trace_Asynchronous_SW
PB3\ (JTDO/TRACESWO).PinAttribute=CortexM4
PB3\ (JTDO/TRACESWO).Signal=DEBUG_JTDO-SWO
PB6.ContextOwner=CortexM4
PB6.GPIOParameters=GPIO_Label,GPIO_ModeDefaultEXTI,PinAttribute
PB6.GPIO_Label=IMU_INT
PB6.GPIO_ModeDefaultEXTI=GPIO_MODE_IT_FALLING
PB6.Locked=true
PB6.PinAttribute=CortexM4
PB6.Signal=GPXTI6
PB7.GPIOParameters=GPIO_Speed,GPIO_Label,PinAttribute
PB7.GPIO_Label=IMU_SDA
PB7.GPIO_Speed=GPIO_SPEED_FREQ_MEDIUM
PB7.Locked=true
PB7.Mode=I2C
PB7.PinAttribute=CortexM4
PB7.Signal=I2C4_SDA
PB8.GPIOParameters=GPIO_Speed,GPIO_Label,PinAttribute
PB8.GPIO_Label=IMU_SCL
PB8.GPIO_Speed=GPIO_SPEED_FREQ_MEDIUM
PB8.Locked=true
PB8.Mode=I2C
PB8.PinAttribute=CortexM4
PB8.Signal=I2C4_SCL
PC14-OSC32_IN\ (OSC32_IN).GPIOParameters=GPIO_Label,PinAttribute
PC14-OSC32_IN\ (OSC32_IN).GPIO_Label=LSE_CLK_IN
PC14-OSC32_IN\ (OSC32_IN).Locked=true
PC14-OSC32_IN\ (OSC32_IN).Mode=LSE-External-Oscillator
PC14-OSC32_IN\ (OSC32_IN).PinAttribute=Free
PC14-OSC32_IN\ (OSC32_IN).Signal=RCC_OSC32_IN
PC15-OSC32_OUT\ (OSC32_OUT).GPIOParameters=GPIO_Label,PinAttribute
PC15-OSC32_OUT\ (OSC32_OUT).GPIO_Label=LSE_CLK_OUT
PC15-OSC32_OUT\ (OSC32_OUT).Locked=true
PC15-OSC32_OUT\ (OSC32_OUT).Mode=LSE-External-Oscillator
PC15-OSC32_OUT\ (OSC32_OUT).PinAttribute=Free
PC15-OSC32_OUT\ (OSC32_OUT).Signal=RCC_OSC32_OUT
PC7.ContextOwner=CortexM4
PC7.GPIOParameters=GPIO_Label,PinAttribute
PC7.GPIO_Label=FROM_AI_INT
PC7.Locked=true
PC7.PinAttribute=CortexM4
PC7.Signal=GPXTI7
PC9.GPIOParameters=GPIO_Speed,GPIO_Label,PinAttribute
PC9.GPIO_Label=FROM_AI_SDA
PC9.GPIO_Speed=GPIO_SPEED_FREQ_VERY_HIGH
PC9.Locked=true
PC9.Mode=I2C
PC9.PinAttribute=CortexM4
PC9.Signal=I2C3_SDA
PE10.ContextOwner=CortexM4
PE10.GPIOParameters=GPIO_Label,PinAttribute
PE10.GPIO_Label=GPS_TIMEPULSE
PE10.Locked=true
PE10.PinAttribute=CortexM4
PE10.Signal=GPXTI10
PE11.GPIOParameters=GPIO_Speed,GPIO_Label,PinAttribute
PE11.GPIO_Label=AUDIO_SD
PE11.GPIO_Speed=GPIO_SPEED_FREQ_VERY_HIGH
PE11.Locked=true
PE11.Mode=SAI_B_Master
PE11.PinAttribute=CortexM7
PE11.Signal=SAI2_SD_B
PE12.GPIOParameters=GPIO_Speed,GPIO_Label,PinAttribute
PE12.GPIO_Label=AUDIO_CLK
PE12.GPIO_Speed=GPIO_SPEED_FREQ_VERY_HIGH
PE12.Locked=true
PE12.Mode=SAI_B_Master
PE12.PinAttribute=CortexM7
PE12.Signal=SAI2_SCK_B
PE13.GPIOParameters=GPIO_Speed,GPIO_Label,PinAttribute
PE13.GPIO_Label=AUDIO_FSYNC
PE13.GPIO_Speed=GPIO_SPEED_FREQ_HIGH
PE13.Locked=true
PE13.Mode=SAI_B_Master
PE13.PinAttribute=CortexM7
PE13.Signal=SAI2_FS_B
PE7.GPIOParameters=GPIO_Speed,GPIO_Label,PinAttribute
PE7.GPIO_Label=GPS_RX
PE7.GPIO_Speed=GPIO_SPEED_FREQ_HIGH
PE7.Locked=true
PE7.Mode=Asynchronous
PE7.PinAttribute=CortexM4
PE7.Signal=UART7_RX
PE8.GPIOParameters=GPIO_Speed,GPIO_Label,PinAttribute
PE8.GPIO_Label=GPS_TX
PE8.GPIO_Speed=GPIO_SPEED_FREQ_HIGH
PE8.Locked=true
PE8.Mode=Asynchronous
PE8.PinAttribute=CortexM4
PE8.Signal=UART7_TX
PE9.ContextOwner=CortexM7
PE9.GPIOParameters=GPIO_Speed,GPIO_Label,PinAttribute
PE9.GPIO_Label=GPS_TIME_TRIGGER
PE9.GPIO_Speed=GPIO_SPEED_FREQ_VERY_HIGH
PE9.Locked=true
PE9.PinAttribute=CortexM7
PE9.Signal=GPIO_Output
PH0-OSC_IN\ (PH0).GPIOParameters=GPIO_Label,PinAttribute
PH0-OSC_IN\ (PH0).GPIO_Label=HSE_CLK
PH0-OSC_IN\ (PH0).Locked=true
PH0-OSC_IN\ (PH0).Mode=HSE-External-Clock-Source
PH0-OSC_IN\ (PH0).PinAttribute=Free
PH0-OSC_IN\ (PH0).Signal=RCC_OSC_IN
PinOutPanel.RotationAngle=0
ProjectManager.AskForMigrate=true
ProjectManager.BackupPrevious=false
ProjectManager.BootMode=boot0
ProjectManager.CompilerLinker=GCC
ProjectManager.CompilerOptimize=6
ProjectManager.ComputerToolchain=false
ProjectManager.CoupleFile=true
ProjectManager.CustomerFirmwarePackage=
ProjectManager.DefaultFWLocation=true
ProjectManager.DeletePrevious=true
ProjectManager.DeviceId=STM32H745ZITx
ProjectManager.FirmwarePackage=STM32Cube FW_H7 V1.12.1
ProjectManager.FreePins=true
ProjectManager.HalAssertFull=false
ProjectManager.HeapSize=M4-0x400,M7-0x400
ProjectManager.KeepUserCode=true
ProjectManager.LastFirmware=true
ProjectManager.LibraryCopy=1
ProjectManager.MainLocation=Core/Src
ProjectManager.NoMain=false
ProjectManager.PreviousToolchain=
ProjectManager.ProjectBuild=false
ProjectManager.ProjectFileName=CivicAlert.ioc
ProjectManager.ProjectName=CivicAlert
ProjectManager.ProjectStructure=M7\:CortexM7 Project\:true;M4\:CortexM4 Project\:true;
ProjectManager.RegisterCallBack=
ProjectManager.StackSize=M4-0x400,M7-0x400
ProjectManager.TargetToolchain=STM32CubeIDE
ProjectManager.ToolChainLocation=
ProjectManager.UAScriptAfterPath=
ProjectManager.UAScriptBeforePath=
ProjectManager.UnderRoot=true
ProjectManager.functionlistsort=1-SystemClock_Config-RCC-false-HAL-false-CortexM7,2-MX_GPIO_Init-GPIO-false-HAL-true-CortexM7,3-MX_DMA_Init-DMA-false-HAL-true-CortexM7,4-MX_MDMA_Init-MDMA-false-HAL-true-CortexM7,5-MX_BDMA_Init-BDMA-false-HAL-true-CortexM7,6-MX_SAI2_Init-SAI2-false-HAL-true-CortexM7,7-MX_I2C2_Init-I2C2-false-HAL-true-CortexM7,1-MX_GPIO_Init-GPIO-false-HAL-true-CortexM4,2-MX_DMA_Init-DMA-false-HAL-true-CortexM4,3-MX_MDMA_Init-MDMA-false-HAL-true-CortexM4,4-MX_BDMA_Init-BDMA-false-HAL-true-CortexM4,5-MX_USB_DEVICE_Init-USB_DEVICE_M4-false-HAL-false-CortexM4,6-MX_UART7_Init-UART7-false-HAL-true-CortexM4,7-MX_I2C4_Init-I2C4-false-HAL-true-CortexM4,8-MX_LPTIM5_Init-LPTIM5-false-HAL-true-CortexM4,9-MX_LPTIM4_Init-LPTIM4-false-HAL-true-CortexM4,10-MX_LPTIM3_Init-LPTIM3-false-HAL-true-CortexM4,11-MX_USART2_UART_Init-USART2-false-HAL-true-CortexM4,12-MX_I2C3_Init-I2C3-false-HAL-true-CortexM4,13-MX_SPI2_Init-SPI2-false-HAL-true-CortexM4,0-MX_CORTEX_M7_Init-CORTEX_M7-false-HAL-true-CortexM7,0-MX_CORTEX_M4_Init-CORTEX_M4-false-HAL-true-CortexM4
RCC.ADCFreq_Value=24576002.886506166
RCC.AHB12Freq_Value=200000000
RCC.AHB4Freq_Value=200000000
RCC.APB1Freq_Value=100000000
RCC.APB2Freq_Value=100000000
RCC.APB3Freq_Value=100000000
RCC.APB4Freq_Value=100000000
RCC.AXIClockFreq_Value=200000000
RCC.CECFreq_Value=32000
RCC.CKPERFreq_Value=64000000
RCC.CPU2Freq_Value=200000000
RCC.CPU2SystikFreq_Value=200000000
RCC.CortexFreq_Value=400000000
RCC.CpuClockFreq_Value=400000000
RCC.D1CPREFreq_Value=400000000
RCC.D1PPRE=RCC_APB3_DIV2
RCC.D2PPRE1=RCC_APB1_DIV2
RCC.D2PPRE2=RCC_APB2_DIV2
RCC.D3PPRE=RCC_APB4_DIV2
RCC.DFSDMACLkFreq_Value=40000000
RCC.DFSDMFreq_Value=100000000
RCC.DIVM1=5
RCC.DIVM2=21
RCC.DIVM3=5
RCC.DIVN1=160
RCC.DIVN2=289
RCC.DIVN3=48
RCC.DIVP1Freq_Value=400000000
RCC.DIVP2=14
RCC.DIVP2Freq_Value=24576002.886506166
RCC.DIVP3=5
RCC.DIVP3Freq_Value=48000000
RCC.DIVQ1=20
RCC.DIVQ1Freq_Value=40000000
RCC.DIVQ2=14
RCC.DIVQ2Freq_Value=24576002.886506166
RCC.DIVQ3=5
RCC.DIVQ3Freq_Value=48000000
RCC.DIVR1=20
RCC.DIVR1Freq_Value=40000000
RCC.DIVR2Freq_Value=172032020.20554316
RCC.DIVR3=5
RCC.DIVR3Freq_Value=48000000
RCC.FDCANFreq_Value=40000000
RCC.FMCFreq_Value=200000000
RCC.FamilyName=M
RCC.HCLK3ClockFreq_Value=200000000
RCC.HCLKFreq_Value=200000000
RCC.HPRE=RCC_HCLK_DIV2
RCC.HRTIMFreq_Value=200000000
RCC.I2C123Freq_Value=100000000
RCC.I2C4Freq_Value=100000000
RCC.IPParameters=ADCFreq_Value,AHB12Freq_Value,AHB4Freq_Value,APB1Freq_Value,APB2Freq_Value,APB3Freq_Value,APB4Freq_Value,AXIClockFreq_Value,CECFreq_Value,CKPERFreq_Value,CPU2Freq_Value,CPU2SystikFreq_Value,CortexFreq_Value,CpuClockFreq_Value,D1CPREFreq_Value,D1PPRE,D2PPRE1,D2PPRE2,D3PPRE,DFSDMACLkFreq_Value,DFSDMFreq_Value,DIVM1,DIVM2,DIVM3,DIVN1,DIVN2,DIVN3,DIVP1Freq_Value,DIVP2,DIVP2Freq_Value,DIVP3,DIVP3Freq_Value,DIVQ1,DIVQ1Freq_Value,DIVQ2,DIVQ2Freq_Value,DIVQ3,DIVQ3Freq_Value,DIVR1,DIVR1Freq_Value,DIVR2Freq_Value,DIVR3,DIVR3Freq_Value,FDCANFreq_Value,FMCFreq_Value,FamilyName,HCLK3ClockFreq_Value,HCLKFreq_Value,HPRE,HRTIMFreq_Value,I2C123Freq_Value,I2C4Freq_Value,LPTIM1Freq_Value,LPTIM2Freq_Value,LPTIM345CLockSelection,LPTIM345Freq_Value,LPUART1Freq_Value,LTDCFreq_Value,MCO1PinFreq_Value,MCO2PinFreq_Value,PLL2FRACN,PLL2_VCO_SEL,PLL3FRACN,PLL3_VCO_SEL,PLLFRACN,QSPIFreq_Value,RNGFreq_Value,RTCFreq_Value,SAI1Freq_Value,SAI23CLockSelection,SAI23Freq_Value,SAI4AFreq_Value,SAI4BFreq_Value,SDMMCFreq_Value,SPDIFRXFreq_Value,SPI123CLockSelection,SPI123Freq_Value,SPI45Freq_Value,SPI6Freq_Value,SWPMI1Freq_Value,SYSCLKFreq_VALUE,SYSCLKSource,SupplySource,Tim1OutputFreq_Value,Tim2OutputFreq_Value,TraceFreq_Value,USART16Freq_Value,USART234578Freq_Value,USBCLockSelection,USBFreq_Value,VCO1OutputFreq_Value,VCO2OutputFreq_Value,VCO3OutputFreq_Value,VCOInput1Freq_Value,VCOInput2Freq_Value,VCOInput3Freq_Value,VDD_VALUE
RCC.LPTIM1Freq_Value=100000000
RCC.LPTIM2Freq_Value=100000000
RCC.LPTIM345CLockSelection=RCC_LPTIM345CLKSOURCE_LSE
RCC.LPTIM345Freq_Value=32768
RCC.LPUART1Freq_Value=100000000
RCC.LTDCFreq_Value=48000000
RCC.MCO1PinFreq_Value=64000000
RCC.MCO2PinFreq_Value=400000000
RCC.PLL2FRACN=113
RCC.PLL2_VCO_SEL=RCC_PLL2VCOMEDIUM
RCC.PLL3FRACN=0
RCC.PLL3_VCO_SEL=RCC_PLL3VCOMEDIUM
RCC.PLLFRACN=0
RCC.QSPIFreq_Value=200000000
RCC.RNGFreq_Value=48000000
RCC.RTCFreq_Value=32000
RCC.SAI1Freq_Value=40000000
RCC.SAI23CLockSelection=RCC_SAI23CLKSOURCE_PLL2
RCC.SAI23Freq_Value=24576002.886506166
RCC.SAI4AFreq_Value=40000000
RCC.SAI4BFreq_Value=40000000
RCC.SDMMCFreq_Value=40000000
RCC.SPDIFRXFreq_Value=40000000
RCC.SPI123CLockSelection=RCC_SPI123CLKSOURCE_CLKP
RCC.SPI123Freq_Value=64000000
RCC.SPI45Freq_Value=100000000
RCC.SPI6Freq_Value=100000000
RCC.SWPMI1Freq_Value=100000000
RCC.SYSCLKFreq_VALUE=400000000
RCC.SYSCLKSource=RCC_SYSCLKSOURCE_PLLCLK
RCC.SupplySource=PWR_LDO_SUPPLY
RCC.Tim1OutputFreq_Value=200000000
RCC.Tim2OutputFreq_Value=200000000
RCC.TraceFreq_Value=40000000
RCC.USART16Freq_Value=100000000
RCC.USART234578Freq_Value=100000000
RCC.USBCLockSelection=RCC_USBCLKSOURCE_PLL3
RCC.USBFreq_Value=48000000
RCC.VCO1OutputFreq_Value=800000000
RCC.VCO2OutputFreq_Value=344064040.4110863
RCC.VCO3OutputFreq_Value=240000000
RCC.VCOInput1Freq_Value=5000000
RCC.VCOInput2Freq_Value=1190476.1904761905
RCC.VCOInput3Freq_Value=5000000
RCC.VDD_VALUE=1.8
SAI2.AudioFrequency-SAI_B_Master=SAI_AUDIO_FREQUENCY_96K
SAI2.AudioMode-SAI_B_Master=SAI_MODEMASTER_RX
SAI2.DataSize-SAI_B_Master=SAI_DATASIZE_16
SAI2.ErrorAudioFreq-SAI_B_Master=0.0 %
SAI2.FIFOThreshold-SAI_B_Master=SAI_FIFOTHRESHOLD_FULL
SAI2.FSOffset-SAI_B_Master=SAI_FS_BEFOREFIRSTBIT
SAI2.FSPolarity-SAI_B_Master=SAI_FS_ACTIVE_HIGH
SAI2.FirstBitOffset-SAI_B_Master=0
SAI2.FrameLength-SAI_B_Master=64
SAI2.IPParameters=Instance-SAI_B_Master,VirtualMode-SAI_B_Master,MClockEnable-SAI_B_Master,RealAudioFreq-SAI_B_Master,ErrorAudioFreq-SAI_B_Master,AudioMode-SAI_B_Master,FrameLength-SAI_B_Master,DataSize-SAI_B_Master,FSPolarity-SAI_B_Master,SlotNumber-SAI_B_Master,NoDivider-SAI_B_Master,AudioFrequency-SAI_B_Master,FIFOThreshold-SAI_B_Master,VirtualSlotActive-SAI_B_Master,SlotActive-SAI_B_Master,FirstBitOffset-SAI_B_Master,FSOffset-SAI_B_Master
SAI2.Instance-SAI_B_Master=SAI$Index_Block_B
SAI2.MClockEnable-SAI_B_Master=SAI_MASTERCLOCK_DISABLE
SAI2.NoDivider-SAI_B_Master=SAI_MCK_OVERSAMPLING_DISABLE
SAI2.RealAudioFreq-SAI_B_Master=96.0 KHz
SAI2.SlotActive-SAI_B_Master=0x0000FFFF
SAI2.SlotNumber-SAI_B_Master=4
SAI2.VirtualMode-SAI_B_Master=VM_MASTER
SAI2.VirtualSlotActive-SAI_B_Master=SAI_SLOTACTIVE_ALL
SH.GPXTI10.0=GPIO_EXTI10
SH.GPXTI10.ConfNb=1
SH.GPXTI6.0=GPIO_EXTI6
SH.GPXTI6.ConfNb=1
SH.GPXTI7.0=GPIO_EXTI7
SH.GPXTI7.ConfNb=1
SPI2.BaudRatePrescaler=SPI_BAUDRATEPRESCALER_2
SPI2.CLKPhase=SPI_PHASE_1EDGE
SPI2.CalculateBaudRate=32.0 MBits/s
SPI2.DataSize=SPI_DATASIZE_8BIT
SPI2.Direction=SPI_DIRECTION_2LINES
SPI2.FifoThreshold=SPI_FIFO_THRESHOLD_04DATA
SPI2.IPParameters=VirtualType,Mode,Direction,CalculateBaudRate,VirtualNSS,DataSize,BaudRatePrescaler,CLKPhase,FifoThreshold,MasterKeepIOState
SPI2.MasterKeepIOState=SPI_MASTER_KEEP_IO_STATE_ENABLE
SPI2.Mode=SPI_MODE_MASTER
SPI2.VirtualNSS=VM_NSSHARD
SPI2.VirtualType=VM_MASTER
STMicroelectronics.X-CUBE-ALGOBUILD.1.4.0_M7.DSPOoLibraryJjLibrary_Checked=true
STMicroelectronics.X-CUBE-ALGOBUILD.1.4.0_M7.IPParameters=LibraryCcDSPOoLibraryJjDSPOoLibrary
STMicroelectronics.X-CUBE-ALGOBUILD.1.4.0_M7.LibraryCcDSPOoLibraryJjDSPOoLibrary=true
STMicroelectronics.X-CUBE-ALGOBUILD.1.4.0_M7_SwParameter=LibraryCcDSPOoLibraryJjDSPOoLibrary\:true;
SYS.userName=SYS_M7
UART7.BaudRate=38400
UART7.DMADisableonRxErrorParam=UART_ADVFEATURE_DMA_ENABLEONRXERROR
UART7.IPParameters=BaudRate,DMADisableonRxErrorParam,TXFIFOThreshold,RXFIFOThreshold
UART7.RXFIFOThreshold=RXFIFO_THRESHOLD_FULL
UART7.TXFIFOThreshold=TXFIFO_THRESHOLD_EMPTY
USART2.BaudRate=921600
USART2.IPParameters=VirtualMode-Asynchronous,BaudRate,TXFIFOThreshold,RXFIFOThreshold
USART2.RXFIFOThreshold=RXFIFO_THRESHOLD_FULL
USART2.TXFIFOThreshold=TXFIFO_THRESHOLD_EMPTY
USART2.VirtualMode-Asynchronous=VM_ASYNC
USB_DEVICE_M4.APP_RX_DATA_SIZE-CDC_FS=2048
USB_DEVICE_M4.CLASS_NAME_FS=CDC
USB_DEVICE_M4.IPParameters=VirtualMode-CDC_FS,VirtualModeFS,CLASS_NAME_FS,VID-CDC_FS,MANUFACTURER_STRING-CDC_FS,PID_CDC_FS,PRODUCT_STRING_CDC_FS,USBD_MAX_STR_DESC_SIZ-CDC_FS,USBD_LPM_ENABLED-CDC_FS,APP_RX_DATA_SIZE-CDC_FS
USB_DEVICE_M4.MANUFACTURER_STRING-CDC_FS=HedgeTech
USB_DEVICE_M4.PID_CDC_FS=2829
USB_DEVICE_M4.PRODUCT_STRING_CDC_FS=CivicAlert
USB_DEVICE_M4.USBD_LPM_ENABLED-CDC_FS=0
USB_DEVICE_M4.USBD_MAX_STR_DESC_SIZ-CDC_FS=256
USB_DEVICE_M4.VID-CDC_FS=4617
USB_DEVICE_M4.VirtualMode-CDC_FS=Cdc
USB_DEVICE_M4.VirtualModeFS=Cdc_FS
USB_OTG_FS.IPParameters=VirtualMode,dma_enable,use_dedicated_ep1
USB_OTG_FS.VirtualMode=Device_Only
USB_OTG_FS.dma_enable=ENABLE
USB_OTG_FS.use_dedicated_ep1=DISABLE
VP_LPTIM3_VS_LPTIM_counterModeInternalClock.Mode=Counts__internal_clock_event_00
VP_LPTIM3_VS_LPTIM_counterModeInternalClock.Signal=LPTIM3_VS_LPTIM_counterModeInternalClock
VP_LPTIM4_VS_LPTIM_counterModeInternalClock.Mode=Counts__internal_clock_event_00
VP_LPTIM4_VS_LPTIM_counterModeInternalClock.Signal=LPTIM4_VS_LPTIM_counterModeInternalClock
VP_LPTIM5_VS_LPTIM_counterModeInternalClock.Mode=Counts__internal_clock_event_00
VP_LPTIM5_VS_LPTIM_counterModeInternalClock.Signal=LPTIM5_VS_LPTIM_counterModeInternalClock
VP_MEMORYMAP_VS_MEMORYMAP.Mode=CurAppReg
VP_MEMORYMAP_VS_MEMORYMAP.Signal=MEMORYMAP_VS_MEMORYMAP
VP_STMicroelectronics.X-CUBE-ALGOBUILD_M7_VS_DSPOoLibraryJjLibrary_1.4.0_1.4.0.Mode=DSPOoLibraryJjLibrary
VP_STMicroelectronics.X-CUBE-ALGOBUILD_M7_VS_DSPOoLibraryJjLibrary_1.4.0_1.4.0.Signal=STMicroelectronics.X-CUBE-ALGOBUILD_M7_VS_DSPOoLibraryJjLibrary_1.4.0_1.4.0
VP_SYS_M4_VS_Systick.Mode=SysTick
VP_SYS_M4_VS_Systick.Signal=SYS_M4_VS_Systick
VP_SYS_VS_Systick.Mode=SysTick
VP_SYS_VS_Systick.Signal=SYS_VS_Systick
VP_USB_DEVICE_M4_VS_USB_DEVICE_CDC_FS.Mode=CDC_FS
VP_USB_DEVICE_M4_VS_USB_DEVICE_CDC_FS.Signal=USB_DEVICE_M4_VS_USB_DEVICE_CDC_FS
board=custom
isbadioc=false
